// !$*UTF8*$!
{
	archiveVersion = 1;
	classes = {
	};
	objectVersion = 48;
	objects = {

/* Begin PBXBuildFile section */
		A6E1862A204E371100A739D0 /* AppDelegate.swift in Sources */ = {isa = PBXBuildFile; fileRef = A6E18629204E371100A739D0 /* AppDelegate.swift */; };
		A6E1862C204E371100A739D0 /* ViewController.swift in Sources */ = {isa = PBXBuildFile; fileRef = A6E1862B204E371100A739D0 /* ViewController.swift */; };
		A6E1862F204E371100A739D0 /* Main.storyboard in Resources */ = {isa = PBXBuildFile; fileRef = A6E1862D204E371100A739D0 /* Main.storyboard */; };
		A6E18631204E371100A739D0 /* Assets.xcassets in Resources */ = {isa = PBXBuildFile; fileRef = A6E18630204E371100A739D0 /* Assets.xcassets */; };
		A6E18634204E371100A739D0 /* LaunchScreen.storyboard in Resources */ = {isa = PBXBuildFile; fileRef = A6E18632204E371100A739D0 /* LaunchScreen.storyboard */; };
		A6E1863F204E371200A739D0 /* Ex1Tests.swift in Sources */ = {isa = PBXBuildFile; fileRef = A6E1863E204E371200A739D0 /* Ex1Tests.swift */; };
		A6E1864A204E371200A739D0 /* Ex1UITests.swift in Sources */ = {isa = PBXBuildFile; fileRef = A6E18649204E371200A739D0 /* Ex1UITests.swift */; };
/* End PBXBuildFile section */

/* Begin PBXContainerItemProxy section */
		A6E1863B204E371200A739D0 /* PBXContainerItemProxy */ = {
			isa = PBXContainerItemProxy;
			containerPortal = A6E1861E204E371100A739D0 /* Project object */;
			proxyType = 1;
			remoteGlobalIDString = A6E18625204E371100A739D0;
			remoteInfo = Ex1;
		};
		A6E18646204E371200A739D0 /* PBXContainerItemProxy */ = {
			isa = PBXContainerItemProxy;
			containerPortal = A6E1861E204E371100A739D0 /* Project object */;
			proxyType = 1;
			remoteGlobalIDString = A6E18625204E371100A739D0;
			remoteInfo = Ex1;
		};
/* End PBXContainerItemProxy section */

/* Begin PBXFileReference section */
		A6E18626204E371100A739D0 /* Ex1.app */ = {isa = PBXFileReference; explicitFileType = wrapper.application; includeInIndex = 0; path = Ex1.app; sourceTree = BUILT_PRODUCTS_DIR; };
		A6E18629204E371100A739D0 /* AppDelegate.swift */ = {isa = PBXFileReference; lastKnownFileType = sourcecode.swift; path = AppDelegate.swift; sourceTree = "<group>"; };
		A6E1862B204E371100A739D0 /* ViewController.swift */ = {isa = PBXFileReference; lastKnownFileType = sourcecode.swift; path = ViewController.swift; sourceTree = "<group>"; };
		A6E1862E204E371100A739D0 /* Base */ = {isa = PBXFileReference; lastKnownFileType = file.storyboard; name = Base; path = Base.lproj/Main.storyboard; sourceTree = "<group>"; };
		A6E18630204E371100A739D0 /* Assets.xcassets */ = {isa = PBXFileReference; lastKnownFileType = folder.assetcatalog; path = Assets.xcassets; sourceTree = "<group>"; };
		A6E18633204E371100A739D0 /* Base */ = {isa = PBXFileReference; lastKnownFileType = file.storyboard; name = Base; path = Base.lproj/LaunchScreen.storyboard; sourceTree = "<group>"; };
		A6E18635204E371100A739D0 /* Info.plist */ = {isa = PBXFileReference; lastKnownFileType = text.plist.xml; path = Info.plist; sourceTree = "<group>"; };
		A6E1863A204E371200A739D0 /* Ex1Tests.xctest */ = {isa = PBXFileReference; explicitFileType = wrapper.cfbundle; includeInIndex = 0; path = Ex1Tests.xctest; sourceTree = BUILT_PRODUCTS_DIR; };
		A6E1863E204E371200A739D0 /* Ex1Tests.swift */ = {isa = PBXFileReference; lastKnownFileType = sourcecode.swift; path = Ex1Tests.swift; sourceTree = "<group>"; };
		A6E18640204E371200A739D0 /* Info.plist */ = {isa = PBXFileReference; lastKnownFileType = text.plist.xml; path = Info.plist; sourceTree = "<group>"; };
		A6E18645204E371200A739D0 /* Ex1UITests.xctest */ = {isa = PBXFileReference; explicitFileType = wrapper.cfbundle; includeInIndex = 0; path = Ex1UITests.xctest; sourceTree = BUILT_PRODUCTS_DIR; };
		A6E18649204E371200A739D0 /* Ex1UITests.swift */ = {isa = PBXFileReference; lastKnownFileType = sourcecode.swift; path = Ex1UITests.swift; sourceTree = "<group>"; };
		A6E1864B204E371200A739D0 /* Info.plist */ = {isa = PBXFileReference; lastKnownFileType = text.plist.xml; path = Info.plist; sourceTree = "<group>"; };
/* End PBXFileReference section */

/* Begin PBXFrameworksBuildPhase section */
		A6E18623204E371100A739D0 /* Frameworks */ = {
			isa = PBXFrameworksBuildPhase;
			buildActionMask = 2147483647;
			files = (
			);
			runOnlyForDeploymentPostprocessing = 0;
		};
		A6E18637204E371200A739D0 /* Frameworks */ = {
			isa = PBXFrameworksBuildPhase;
			buildActionMask = 2147483647;
			files = (
			);
			runOnlyForDeploymentPostprocessing = 0;
		};
		A6E18642204E371200A739D0 /* Frameworks */ = {
			isa = PBXFrameworksBuildPhase;
			buildActionMask = 2147483647;
			files = (
			);
			runOnlyForDeploymentPostprocessing = 0;
		};
/* End PBXFrameworksBuildPhase section */

/* Begin PBXGroup section */
		A6E1861D204E371100A739D0 = {
			isa = PBXGroup;
			children = (
				A6E18628204E371100A739D0 /* Ex1 */,
				A6E1863D204E371200A739D0 /* Ex1Tests */,
				A6E18648204E371200A739D0 /* Ex1UITests */,
				A6E18627204E371100A739D0 /* Products */,
			);
			sourceTree = "<group>";
		};
		A6E18627204E371100A739D0 /* Products */ = {
			isa = PBXGroup;
			children = (
				A6E18626204E371100A739D0 /* Ex1.app */,
				A6E1863A204E371200A739D0 /* Ex1Tests.xctest */,
				A6E18645204E371200A739D0 /* Ex1UITests.xctest */,
			);
			name = Products;
			sourceTree = "<group>";
		};
		A6E18628204E371100A739D0 /* Ex1 */ = {
			isa = PBXGroup;
			children = (
				A6E18629204E371100A739D0 /* AppDelegate.swift */,
				A6E1862B204E371100A739D0 /* ViewController.swift */,
				A6E1862D204E371100A739D0 /* Main.storyboard */,
				A6E18630204E371100A739D0 /* Assets.xcassets */,
				A6E18632204E371100A739D0 /* LaunchScreen.storyboard */,
				A6E18635204E371100A739D0 /* Info.plist */,
			);
			path = Ex1;
			sourceTree = "<group>";
		};
		A6E1863D204E371200A739D0 /* Ex1Tests */ = {
			isa = PBXGroup;
			children = (
				A6E1863E204E371200A739D0 /* Ex1Tests.swift */,
				A6E18640204E371200A739D0 /* Info.plist */,
			);
			path = Ex1Tests;
			sourceTree = "<group>";
		};
		A6E18648204E371200A739D0 /* Ex1UITests */ = {
			isa = PBXGroup;
			children = (
				A6E18649204E371200A739D0 /* Ex1UITests.swift */,
				A6E1864B204E371200A739D0 /* Info.plist */,
			);
			path = Ex1UITests;
			sourceTree = "<group>";
		};
/* End PBXGroup section */

/* Begin PBXNativeTarget section */
		A6E18625204E371100A739D0 /* Ex1 */ = {
			isa = PBXNativeTarget;
			buildConfigurationList = A6E1864E204E371200A739D0 /* Build configuration list for PBXNativeTarget "Ex1" */;
			buildPhases = (
				A6E18622204E371100A739D0 /* Sources */,
				A6E18623204E371100A739D0 /* Frameworks */,
				A6E18624204E371100A739D0 /* Resources */,
			);
			buildRules = (
			);
			dependencies = (
			);
			name = Ex1;
			productName = Ex1;
			productReference = A6E18626204E371100A739D0 /* Ex1.app */;
			productType = "com.apple.product-type.application";
		};
		A6E18639204E371200A739D0 /* Ex1Tests */ = {
			isa = PBXNativeTarget;
			buildConfigurationList = A6E18651204E371200A739D0 /* Build configuration list for PBXNativeTarget "Ex1Tests" */;
			buildPhases = (
				A6E18636204E371200A739D0 /* Sources */,
				A6E18637204E371200A739D0 /* Frameworks */,
				A6E18638204E371200A739D0 /* Resources */,
			);
			buildRules = (
			);
			dependencies = (
				A6E1863C204E371200A739D0 /* PBXTargetDependency */,
			);
			name = Ex1Tests;
			productName = Ex1Tests;
			productReference = A6E1863A204E371200A739D0 /* Ex1Tests.xctest */;
			productType = "com.apple.product-type.bundle.unit-test";
		};
		A6E18644204E371200A739D0 /* Ex1UITests */ = {
			isa = PBXNativeTarget;
			buildConfigurationList = A6E18654204E371200A739D0 /* Build configuration list for PBXNativeTarget "Ex1UITests" */;
			buildPhases = (
				A6E18641204E371200A739D0 /* Sources */,
				A6E18642204E371200A739D0 /* Frameworks */,
				A6E18643204E371200A739D0 /* Resources */,
			);
			buildRules = (
			);
			dependencies = (
				A6E18647204E371200A739D0 /* PBXTargetDependency */,
			);
			name = Ex1UITests;
			productName = Ex1UITests;
			productReference = A6E18645204E371200A739D0 /* Ex1UITests.xctest */;
			productType = "com.apple.product-type.bundle.ui-testing";
		};
/* End PBXNativeTarget section */

/* Begin PBXProject section */
		A6E1861E204E371100A739D0 /* Project object */ = {
			isa = PBXProject;
			attributes = {
				LastSwiftUpdateCheck = 0910;
				LastUpgradeCheck = 0910;
				ORGANIZATIONNAME = "Tran Tri";
				TargetAttributes = {
					A6E18625204E371100A739D0 = {
						CreatedOnToolsVersion = 9.1;
						ProvisioningStyle = Automatic;
					};
					A6E18639204E371200A739D0 = {
						CreatedOnToolsVersion = 9.1;
						ProvisioningStyle = Automatic;
						TestTargetID = A6E18625204E371100A739D0;
					};
					A6E18644204E371200A739D0 = {
						CreatedOnToolsVersion = 9.1;
						ProvisioningStyle = Automatic;
						TestTargetID = A6E18625204E371100A739D0;
					};
				};
			};
			buildConfigurationList = A6E18621204E371100A739D0 /* Build configuration list for PBXProject "Ex1" */;
			compatibilityVersion = "Xcode 8.0";
			developmentRegion = en;
			hasScannedForEncodings = 0;
			knownRegions = (
				en,
				Base,
			);
			mainGroup = A6E1861D204E371100A739D0;
			productRefGroup = A6E18627204E371100A739D0 /* Products */;
			projectDirPath = "";
			projectRoot = "";
			targets = (
				A6E18625204E371100A739D0 /* Ex1 */,
				A6E18639204E371200A739D0 /* Ex1Tests */,
				A6E18644204E371200A739D0 /* Ex1UITests */,
			);
		};
/* End PBXProject section */

/* Begin PBXResourcesBuildPhase section */
		A6E18624204E371100A739D0 /* Resources */ = {
			isa = PBXResourcesBuildPhase;
			buildActionMask = 2147483647;
			files = (
				A6E18634204E371100A739D0 /* LaunchScreen.storyboard in Resources */,
				A6E18631204E371100A739D0 /* Assets.xcassets in Resources */,
				A6E1862F204E371100A739D0 /* Main.storyboard in Resources */,
			);
			runOnlyForDeploymentPostprocessing = 0;
		};
		A6E18638204E371200A739D0 /* Resources */ = {
			isa = PBXResourcesBuildPhase;
			buildActionMask = 2147483647;
			files = (
			);
			runOnlyForDeploymentPostprocessing = 0;
		};
		A6E18643204E371200A739D0 /* Resources */ = {
			isa = PBXResourcesBuildPhase;
			buildActionMask = 2147483647;
			files = (
			);
			runOnlyForDeploymentPostprocessing = 0;
		};
/* End PBXResourcesBuildPhase section */

/* Begin PBXSourcesBuildPhase section */
		A6E18622204E371100A739D0 /* Sources */ = {
			isa = PBXSourcesBuildPhase;
			buildActionMask = 2147483647;
			files = (
				A6E1862C204E371100A739D0 /* ViewController.swift in Sources */,
				A6E1862A204E371100A739D0 /* AppDelegate.swift in Sources */,
			);
			runOnlyForDeploymentPostprocessing = 0;
		};
		A6E18636204E371200A739D0 /* Sources */ = {
			isa = PBXSourcesBuildPhase;
			buildActionMask = 2147483647;
			files = (
				A6E1863F204E371200A739D0 /* Ex1Tests.swift in Sources */,
			);
			runOnlyForDeploymentPostprocessing = 0;
		};
		A6E18641204E371200A739D0 /* Sources */ = {
			isa = PBXSourcesBuildPhase;
			buildActionMask = 2147483647;
			files = (
				A6E1864A204E371200A739D0 /* Ex1UITests.swift in Sources */,
			);
			runOnlyForDeploymentPostprocessing = 0;
		};
/* End PBXSourcesBuildPhase section */

/* Begin PBXTargetDependency section */
		A6E1863C204E371200A739D0 /* PBXTargetDependency */ = {
			isa = PBXTargetDependency;
			target = A6E18625204E371100A739D0 /* Ex1 */;
			targetProxy = A6E1863B204E371200A739D0 /* PBXContainerItemProxy */;
		};
		A6E18647204E371200A739D0 /* PBXTargetDependency */ = {
			isa = PBXTargetDependency;
			target = A6E18625204E371100A739D0 /* Ex1 */;
			targetProxy = A6E18646204E371200A739D0 /* PBXContainerItemProxy */;
		};
/* End PBXTargetDependency section */

/* Begin PBXVariantGroup section */
		A6E1862D204E371100A739D0 /* Main.storyboard */ = {
			isa = PBXVariantGroup;
			children = (
				A6E1862E204E371100A739D0 /* Base */,
			);
			name = Main.storyboard;
			sourceTree = "<group>";
		};
		A6E18632204E371100A739D0 /* LaunchScreen.storyboard */ = {
			isa = PBXVariantGroup;
			children = (
				A6E18633204E371100A739D0 /* Base */,
			);
			name = LaunchScreen.storyboard;
			sourceTree = "<group>";
		};
/* End PBXVariantGroup section */

/* Begin XCBuildConfiguration section */
		A6E1864C204E371200A739D0 /* Debug */ = {
			isa = XCBuildConfiguration;
			buildSettings = {
				ALWAYS_SEARCH_USER_PATHS = NO;
				CLANG_ANALYZER_NONNULL = YES;
				CLANG_ANALYZER_NUMBER_OBJECT_CONVERSION = YES_AGGRESSIVE;
				CLANG_CXX_LANGUAGE_STANDARD = "gnu++14";
				CLANG_CXX_LIBRARY = "libc++";
				CLANG_ENABLE_MODULES = YES;
				CLANG_ENABLE_OBJC_ARC = YES;
				CLANG_WARN_BLOCK_CAPTURE_AUTORELEASING = YES;
				CLANG_WARN_BOOL_CONVERSION = YES;
				CLANG_WARN_COMMA = YES;
				CLANG_WARN_CONSTANT_CONVERSION = YES;
				CLANG_WARN_DIRECT_OBJC_ISA_USAGE = YES_ERROR;
				CLANG_WARN_DOCUMENTATION_COMMENTS = YES;
				CLANG_WARN_EMPTY_BODY = YES;
				CLANG_WARN_ENUM_CONVERSION = YES;
				CLANG_WARN_INFINITE_RECURSION = YES;
				CLANG_WARN_INT_CONVERSION = YES;
				CLANG_WARN_NON_LITERAL_NULL_CONVERSION = YES;
				CLANG_WARN_OBJC_LITERAL_CONVERSION = YES;
				CLANG_WARN_OBJC_ROOT_CLASS = YES_ERROR;
				CLANG_WARN_RANGE_LOOP_ANALYSIS = YES;
				CLANG_WARN_STRICT_PROTOTYPES = YES;
				CLANG_WARN_SUSPICIOUS_MOVE = YES;
				CLANG_WARN_UNGUARDED_AVAILABILITY = YES_AGGRESSIVE;
				CLANG_WARN_UNREACHABLE_CODE = YES;
				CLANG_WARN__DUPLICATE_METHOD_MATCH = YES;
				CODE_SIGN_IDENTITY = "iPhone Developer";
				COPY_PHASE_STRIP = NO;
				DEBUG_INFORMATION_FORMAT = dwarf;
				ENABLE_STRICT_OBJC_MSGSEND = YES;
				ENABLE_TESTABILITY = YES;
				GCC_C_LANGUAGE_STANDARD = gnu11;
				GCC_DYNAMIC_NO_PIC = NO;
				GCC_NO_COMMON_BLOCKS = YES;
				GCC_OPTIMIZATION_LEVEL = 0;
				GCC_PREPROCESSOR_DEFINITIONS = (
					"DEBUG=1",
					"$(inherited)",
				);
				GCC_WARN_64_TO_32_BIT_CONVERSION = YES;
				GCC_WARN_ABOUT_RETURN_TYPE = YES_ERROR;
				GCC_WARN_UNDECLARED_SELECTOR = YES;
				GCC_WARN_UNINITIALIZED_AUTOS = YES_AGGRESSIVE;
				GCC_WARN_UNUSED_FUNCTION = YES;
				GCC_WARN_UNUSED_VARIABLE = YES;
				IPHONEOS_DEPLOYMENT_TARGET = 11.1;
				MTL_ENABLE_DEBUG_INFO = YES;
				ONLY_ACTIVE_ARCH = YES;
				SDKROOT = iphoneos;
				SWIFT_ACTIVE_COMPILATION_CONDITIONS = DEBUG;
				SWIFT_OPTIMIZATION_LEVEL = "-Onone";
			};
			name = Debug;
		};
		A6E1864D204E371200A739D0 /* Release */ = {
			isa = XCBuildConfiguration;
			buildSettings = {
				ALWAYS_SEARCH_USER_PATHS = NO;
				CLANG_ANALYZER_NONNULL = YES;
				CLANG_ANALYZER_NUMBER_OBJECT_CONVERSION = YES_AGGRESSIVE;
				CLANG_CXX_LANGUAGE_STANDARD = "gnu++14";
				CLANG_CXX_LIBRARY = "libc++";
				CLANG_ENABLE_MODULES = YES;
				CLANG_ENABLE_OBJC_ARC = YES;
				CLANG_WARN_BLOCK_CAPTURE_AUTORELEASING = YES;
				CLANG_WARN_BOOL_CONVERSION = YES;
				CLANG_WARN_COMMA = YES;
				CLANG_WARN_CONSTANT_CONVERSION = YES;
				CLANG_WARN_DIRECT_OBJC_ISA_USAGE = YES_ERROR;
				CLANG_WARN_DOCUMENTATION_COMMENTS = YES;
				CLANG_WARN_EMPTY_BODY = YES;
				CLANG_WARN_ENUM_CONVERSION = YES;
				CLANG_WARN_INFINITE_RECURSION = YES;
				CLANG_WARN_INT_CONVERSION = YES;
				CLANG_WARN_NON_LITERAL_NULL_CONVERSION = YES;
				CLANG_WARN_OBJC_LITERAL_CONVERSION = YES;
				CLANG_WARN_OBJC_ROOT_CLASS = YES_ERROR;
				CLANG_WARN_RANGE_LOOP_ANALYSIS = YES;
				CLANG_WARN_STRICT_PROTOTYPES = YES;
				CLANG_WARN_SUSPICIOUS_MOVE = YES;
				CLANG_WARN_UNGUARDED_AVAILABILITY = YES_AGGRESSIVE;
				CLANG_WARN_UNREACHABLE_CODE = YES;
				CLANG_WARN__DUPLICATE_METHOD_MATCH = YES;
				CODE_SIGN_IDENTITY = "iPhone Developer";
				COPY_PHASE_STRIP = NO;
				DEBUG_INFORMATION_FORMAT = "dwarf-with-dsym";
				ENABLE_NS_ASSERTIONS = NO;
				ENABLE_STRICT_OBJC_MSGSEND = YES;
				GCC_C_LANGUAGE_STANDARD = gnu11;
				GCC_NO_COMMON_BLOCKS = YES;
				GCC_WARN_64_TO_32_BIT_CONVERSION = YES;
				GCC_WARN_ABOUT_RETURN_TYPE = YES_ERROR;
				GCC_WARN_UNDECLARED_SELECTOR = YES;
				GCC_WARN_UNINITIALIZED_AUTOS = YES_AGGRESSIVE;
				GCC_WARN_UNUSED_FUNCTION = YES;
				GCC_WARN_UNUSED_VARIABLE = YES;
				IPHONEOS_DEPLOYMENT_TARGET = 11.1;
				MTL_ENABLE_DEBUG_INFO = NO;
				SDKROOT = iphoneos;
				SWIFT_OPTIMIZATION_LEVEL = "-Owholemodule";
				VALIDATE_PRODUCT = YES;
			};
			name = Release;
		};
		A6E1864F204E371200A739D0 /* Debug */ = {
			isa = XCBuildConfiguration;
			buildSettings = {
				ASSETCATALOG_COMPILER_APPICON_NAME = AppIcon;
				CODE_SIGN_STYLE = Automatic;
				DEVELOPMENT_TEAM = YD2WTYQH8S;
				INFOPLIST_FILE = Ex1/Info.plist;
				LD_RUNPATH_SEARCH_PATHS = "$(inherited) @executable_path/Frameworks";
				PRODUCT_BUNDLE_IDENTIFIER = com.Ex1;
				PRODUCT_NAME = "$(TARGET_NAME)";
				SWIFT_VERSION = 4.0;
				TARGETED_DEVICE_FAMILY = "1,2";
			};
			name = Debug;
		};
		A6E18650204E371200A739D0 /* Release */ = {
			isa = XCBuildConfiguration;
			buildSettings = {
				ASSETCATALOG_COMPILER_APPICON_NAME = AppIcon;
				CODE_SIGN_STYLE = Automatic;
				DEVELOPMENT_TEAM = YD2WTYQH8S;
				INFOPLIST_FILE = Ex1/Info.plist;
				LD_RUNPATH_SEARCH_PATHS = "$(inherited) @executable_path/Frameworks";
				PRODUCT_BUNDLE_IDENTIFIER = com.Ex1;
				PRODUCT_NAME = "$(TARGET_NAME)";
				SWIFT_VERSION = 4.0;
				TARGETED_DEVICE_FAMILY = "1,2";
			};
			name = Release;
		};
		A6E18652204E371200A739D0 /* Debug */ = {
			isa = XCBuildConfiguration;
			buildSettings = {
				ALWAYS_EMBED_SWIFT_STANDARD_LIBRARIES = YES;
				BUNDLE_LOADER = "$(TEST_HOST)";
				CODE_SIGN_STYLE = Automatic;
				DEVELOPMENT_TEAM = YD2WTYQH8S;
				INFOPLIST_FILE = Ex1Tests/Info.plist;
				LD_RUNPATH_SEARCH_PATHS = "$(inherited) @executable_path/Frameworks @loader_path/Frameworks";
				PRODUCT_BUNDLE_IDENTIFIER = com.Ex1Tests;
				PRODUCT_NAME = "$(TARGET_NAME)";
				SWIFT_VERSION = 4.0;
				TARGETED_DEVICE_FAMILY = "1,2";
				TEST_HOST = "$(BUILT_PRODUCTS_DIR)/Ex1.app/Ex1";
			};
			name = Debug;
		};
		A6E18653204E371200A739D0 /* Release */ = {
			isa = XCBuildConfiguration;
			buildSettings = {
				ALWAYS_EMBED_SWIFT_STANDARD_LIBRARIES = YES;
				BUNDLE_LOADER = "$(TEST_HOST)";
				CODE_SIGN_STYLE = Automatic;
				DEVELOPMENT_TEAM = YD2WTYQH8S;
				INFOPLIST_FILE = Ex1Tests/Info.plist;
				LD_RUNPATH_SEARCH_PATHS = "$(inherited) @executable_path/Frameworks @loader_path/Frameworks";
				PRODUCT_BUNDLE_IDENTIFIER = com.Ex1Tests;
				PRODUCT_NAME = "$(TARGET_NAME)";
				SWIFT_VERSION = 4.0;
				TARGETED_DEVICE_FAMILY = "1,2";
				TEST_HOST = "$(BUILT_PRODUCTS_DIR)/Ex1.app/Ex1";
			};
			name = Release;
		};
		A6E18655204E371200A739D0 /* Debug */ = {
			isa = XCBuildConfiguration;
			buildSettings = {
				ALWAYS_EMBED_SWIFT_STANDARD_LIBRARIES = YES;
				CODE_SIGN_STYLE = Automatic;
				DEVELOPMENT_TEAM = YD2WTYQH8S;
				INFOPLIST_FILE = Ex1UITests/Info.plist;
				LD_RUNPATH_SEARCH_PATHS = "$(inherited) @executable_path/Frameworks @loader_path/Frameworks";
				PRODUCT_BUNDLE_IDENTIFIER = com.Ex1UITests;
				PRODUCT_NAME = "$(TARGET_NAME)";
				SWIFT_VERSION = 4.0;
				TARGETED_DEVICE_FAMILY = "1,2";
				TEST_TARGET_NAME = Ex1;
			};
			name = Debug;
		};
		A6E18656204E371200A739D0 /* Release */ = {
			isa = XCBuildConfiguration;
			buildSettings = {
				ALWAYS_EMBED_SWIFT_STANDARD_LIBRARIES = YES;
				CODE_SIGN_STYLE = Automatic;
				DEVELOPMENT_TEAM = YD2WTYQH8S;
				INFOPLIST_FILE = Ex1UITests/Info.plist;
				LD_RUNPATH_SEARCH_PATHS = "$(inherited) @executable_path/Frameworks @loader_path/Frameworks";
				PRODUCT_BUNDLE_IDENTIFIER = com.Ex1UITests;
				PRODUCT_NAME = "$(TARGET_NAME)";
				SWIFT_VERSION = 4.0;
				TARGETED_DEVICE_FAMILY = "1,2";
				TEST_TARGET_NAME = Ex1;
			};
			name = Release;
		};
/* End XCBuildConfiguration section */

/* Begin XCConfigurationList section */
		A6E18621204E371100A739D0 /* Build configuration list for PBXProject "Ex1" */ = {
			isa = XCConfigurationList;
			buildConfigurations = (
				A6E1864C204E371200A739D0 /* Debug */,
				A6E1864D204E371200A739D0 /* Release */,
			);
			defaultConfigurationIsVisible = 0;
			defaultConfigurationName = Release;
		};
		A6E1864E204E371200A739D0 /* Build configuration list for PBXNativeTarget "Ex1" */ = {
			isa = XCConfigurationList;
			buildConfigurations = (
				A6E1864F204E371200A739D0 /* Debug */,
				A6E18650204E371200A739D0 /* Release */,
			);
			defaultConfigurationIsVisible = 0;
			defaultConfigurationName = Release;
		};
		A6E18651204E371200A739D0 /* Build configuration list for PBXNativeTarget "Ex1Tests" */ = {
			isa = XCConfigurationList;
			buildConfigurations = (
				A6E18652204E371200A739D0 /* Debug */,
				A6E18653204E371200A739D0 /* Release */,
			);
			defaultConfigurationIsVisible = 0;
			defaultConfigurationName = Release;
		};
		A6E18654204E371200A739D0 /* Build configuration list for PBXNativeTarget "Ex1UITests" */ = {
			isa = XCConfigurationList;
			buildConfigurations = (
				A6E18655204E371200A739D0 /* Debug */,
				A6E18656204E371200A739D0 /* Release */,
			);
			defaultConfigurationIsVisible = 0;
			defaultConfigurationName = Release;
		};
/* End XCConfigurationList section */
	};
	rootObject = A6E1861E204E371100A739D0 /* Project object */;
}
