// !$*UTF8*$!
{
	archiveVersion = 1;
	classes = {
	};
	objectVersion = 48;
	objects = {

/* Begin PBXBuildFile section */
		A639CFE1204E766700B6D961 /* AppDelegate.swift in Sources */ = {isa = PBXBuildFile; fileRef = A639CFE0204E766700B6D961 /* AppDelegate.swift */; };
		A639CFE3204E766700B6D961 /* ViewController.swift in Sources */ = {isa = PBXBuildFile; fileRef = A639CFE2204E766700B6D961 /* ViewController.swift */; };
		A639CFE6204E766700B6D961 /* Main.storyboard in Resources */ = {isa = PBXBuildFile; fileRef = A639CFE4204E766700B6D961 /* Main.storyboard */; };
		A639CFE8204E766700B6D961 /* Assets.xcassets in Resources */ = {isa = PBXBuildFile; fileRef = A639CFE7204E766700B6D961 /* Assets.xcassets */; };
		A639CFEB204E766700B6D961 /* LaunchScreen.storyboard in Resources */ = {isa = PBXBuildFile; fileRef = A639CFE9204E766700B6D961 /* LaunchScreen.storyboard */; };
		A639CFF6204E766700B6D961 /* Ex1_drag_dropTests.swift in Sources */ = {isa = PBXBuildFile; fileRef = A639CFF5204E766700B6D961 /* Ex1_drag_dropTests.swift */; };
		A639D001204E766700B6D961 /* Ex1_drag_dropUITests.swift in Sources */ = {isa = PBXBuildFile; fileRef = A639D000204E766700B6D961 /* Ex1_drag_dropUITests.swift */; };
/* End PBXBuildFile section */

/* Begin PBXContainerItemProxy section */
		A639CFF2204E766700B6D961 /* PBXContainerItemProxy */ = {
			isa = PBXContainerItemProxy;
			containerPortal = A639CFD5204E766700B6D961 /* Project object */;
			proxyType = 1;
			remoteGlobalIDString = A639CFDC204E766700B6D961;
			remoteInfo = Ex1_drag_drop;
		};
		A639CFFD204E766700B6D961 /* PBXContainerItemProxy */ = {
			isa = PBXContainerItemProxy;
			containerPortal = A639CFD5204E766700B6D961 /* Project object */;
			proxyType = 1;
			remoteGlobalIDString = A639CFDC204E766700B6D961;
			remoteInfo = Ex1_drag_drop;
		};
/* End PBXContainerItemProxy section */

/* Begin PBXFileReference section */
		A639CFDD204E766700B6D961 /* Ex1_drag_drop.app */ = {isa = PBXFileReference; explicitFileType = wrapper.application; includeInIndex = 0; path = Ex1_drag_drop.app; sourceTree = BUILT_PRODUCTS_DIR; };
		A639CFE0204E766700B6D961 /* AppDelegate.swift */ = {isa = PBXFileReference; lastKnownFileType = sourcecode.swift; path = AppDelegate.swift; sourceTree = "<group>"; };
		A639CFE2204E766700B6D961 /* ViewController.swift */ = {isa = PBXFileReference; lastKnownFileType = sourcecode.swift; path = ViewController.swift; sourceTree = "<group>"; };
		A639CFE5204E766700B6D961 /* Base */ = {isa = PBXFileReference; lastKnownFileType = file.storyboard; name = Base; path = Base.lproj/Main.storyboard; sourceTree = "<group>"; };
		A639CFE7204E766700B6D961 /* Assets.xcassets */ = {isa = PBXFileReference; lastKnownFileType = folder.assetcatalog; path = Assets.xcassets; sourceTree = "<group>"; };
		A639CFEA204E766700B6D961 /* Base */ = {isa = PBXFileReference; lastKnownFileType = file.storyboard; name = Base; path = Base.lproj/LaunchScreen.storyboard; sourceTree = "<group>"; };
		A639CFEC204E766700B6D961 /* Info.plist */ = {isa = PBXFileReference; lastKnownFileType = text.plist.xml; path = Info.plist; sourceTree = "<group>"; };
		A639CFF1204E766700B6D961 /* Ex1_drag_dropTests.xctest */ = {isa = PBXFileReference; explicitFileType = wrapper.cfbundle; includeInIndex = 0; path = Ex1_drag_dropTests.xctest; sourceTree = BUILT_PRODUCTS_DIR; };
		A639CFF5204E766700B6D961 /* Ex1_drag_dropTests.swift */ = {isa = PBXFileReference; lastKnownFileType = sourcecode.swift; path = Ex1_drag_dropTests.swift; sourceTree = "<group>"; };
		A639CFF7204E766700B6D961 /* Info.plist */ = {isa = PBXFileReference; lastKnownFileType = text.plist.xml; path = Info.plist; sourceTree = "<group>"; };
		A639CFFC204E766700B6D961 /* Ex1_drag_dropUITests.xctest */ = {isa = PBXFileReference; explicitFileType = wrapper.cfbundle; includeInIndex = 0; path = Ex1_drag_dropUITests.xctest; sourceTree = BUILT_PRODUCTS_DIR; };
		A639D000204E766700B6D961 /* Ex1_drag_dropUITests.swift */ = {isa = PBXFileReference; lastKnownFileType = sourcecode.swift; path = Ex1_drag_dropUITests.swift; sourceTree = "<group>"; };
		A639D002204E766700B6D961 /* Info.plist */ = {isa = PBXFileReference; lastKnownFileType = text.plist.xml; path = Info.plist; sourceTree = "<group>"; };
/* End PBXFileReference section */

/* Begin PBXFrameworksBuildPhase section */
		A639CFDA204E766700B6D961 /* Frameworks */ = {
			isa = PBXFrameworksBuildPhase;
			buildActionMask = 2147483647;
			files = (
			);
			runOnlyForDeploymentPostprocessing = 0;
		};
		A639CFEE204E766700B6D961 /* Frameworks */ = {
			isa = PBXFrameworksBuildPhase;
			buildActionMask = 2147483647;
			files = (
			);
			runOnlyForDeploymentPostprocessing = 0;
		};
		A639CFF9204E766700B6D961 /* Frameworks */ = {
			isa = PBXFrameworksBuildPhase;
			buildActionMask = 2147483647;
			files = (
			);
			runOnlyForDeploymentPostprocessing = 0;
		};
/* End PBXFrameworksBuildPhase section */

/* Begin PBXGroup section */
		A639CFD4204E766700B6D961 = {
			isa = PBXGroup;
			children = (
				A639CFDF204E766700B6D961 /* Ex1_drag_drop */,
				A639CFF4204E766700B6D961 /* Ex1_drag_dropTests */,
				A639CFFF204E766700B6D961 /* Ex1_drag_dropUITests */,
				A639CFDE204E766700B6D961 /* Products */,
			);
			sourceTree = "<group>";
		};
		A639CFDE204E766700B6D961 /* Products */ = {
			isa = PBXGroup;
			children = (
				A639CFDD204E766700B6D961 /* Ex1_drag_drop.app */,
				A639CFF1204E766700B6D961 /* Ex1_drag_dropTests.xctest */,
				A639CFFC204E766700B6D961 /* Ex1_drag_dropUITests.xctest */,
			);
			name = Products;
			sourceTree = "<group>";
		};
		A639CFDF204E766700B6D961 /* Ex1_drag_drop */ = {
			isa = PBXGroup;
			children = (
				A639CFE0204E766700B6D961 /* AppDelegate.swift */,
				A639CFE2204E766700B6D961 /* ViewController.swift */,
				A639CFE4204E766700B6D961 /* Main.storyboard */,
				A639CFE7204E766700B6D961 /* Assets.xcassets */,
				A639CFE9204E766700B6D961 /* LaunchScreen.storyboard */,
				A639CFEC204E766700B6D961 /* Info.plist */,
			);
			path = Ex1_drag_drop;
			sourceTree = "<group>";
		};
		A639CFF4204E766700B6D961 /* Ex1_drag_dropTests */ = {
			isa = PBXGroup;
			children = (
				A639CFF5204E766700B6D961 /* Ex1_drag_dropTests.swift */,
				A639CFF7204E766700B6D961 /* Info.plist */,
			);
			path = Ex1_drag_dropTests;
			sourceTree = "<group>";
		};
		A639CFFF204E766700B6D961 /* Ex1_drag_dropUITests */ = {
			isa = PBXGroup;
			children = (
				A639D000204E766700B6D961 /* Ex1_drag_dropUITests.swift */,
				A639D002204E766700B6D961 /* Info.plist */,
			);
			path = Ex1_drag_dropUITests;
			sourceTree = "<group>";
		};
/* End PBXGroup section */

/* Begin PBXNativeTarget section */
		A639CFDC204E766700B6D961 /* Ex1_drag_drop */ = {
			isa = PBXNativeTarget;
			buildConfigurationList = A639D005204E766700B6D961 /* Build configuration list for PBXNativeTarget "Ex1_drag_drop" */;
			buildPhases = (
				A639CFD9204E766700B6D961 /* Sources */,
				A639CFDA204E766700B6D961 /* Frameworks */,
				A639CFDB204E766700B6D961 /* Resources */,
			);
			buildRules = (
			);
			dependencies = (
			);
			name = Ex1_drag_drop;
			productName = Ex1_drag_drop;
			productReference = A639CFDD204E766700B6D961 /* Ex1_drag_drop.app */;
			productType = "com.apple.product-type.application";
		};
		A639CFF0204E766700B6D961 /* Ex1_drag_dropTests */ = {
			isa = PBXNativeTarget;
			buildConfigurationList = A639D008204E766700B6D961 /* Build configuration list for PBXNativeTarget "Ex1_drag_dropTests" */;
			buildPhases = (
				A639CFED204E766700B6D961 /* Sources */,
				A639CFEE204E766700B6D961 /* Frameworks */,
				A639CFEF204E766700B6D961 /* Resources */,
			);
			buildRules = (
			);
			dependencies = (
				A639CFF3204E766700B6D961 /* PBXTargetDependency */,
			);
			name = Ex1_drag_dropTests;
			productName = Ex1_drag_dropTests;
			productReference = A639CFF1204E766700B6D961 /* Ex1_drag_dropTests.xctest */;
			productType = "com.apple.product-type.bundle.unit-test";
		};
		A639CFFB204E766700B6D961 /* Ex1_drag_dropUITests */ = {
			isa = PBXNativeTarget;
			buildConfigurationList = A639D00B204E766700B6D961 /* Build configuration list for PBXNativeTarget "Ex1_drag_dropUITests" */;
			buildPhases = (
				A639CFF8204E766700B6D961 /* Sources */,
				A639CFF9204E766700B6D961 /* Frameworks */,
				A639CFFA204E766700B6D961 /* Resources */,
			);
			buildRules = (
			);
			dependencies = (
				A639CFFE204E766700B6D961 /* PBXTargetDependency */,
			);
			name = Ex1_drag_dropUITests;
			productName = Ex1_drag_dropUITests;
			productReference = A639CFFC204E766700B6D961 /* Ex1_drag_dropUITests.xctest */;
			productType = "com.apple.product-type.bundle.ui-testing";
		};
/* End PBXNativeTarget section */

/* Begin PBXProject section */
		A639CFD5204E766700B6D961 /* Project object */ = {
			isa = PBXProject;
			attributes = {
				LastSwiftUpdateCheck = 0910;
				LastUpgradeCheck = 0910;
				ORGANIZATIONNAME = "Tran Tri";
				TargetAttributes = {
					A639CFDC204E766700B6D961 = {
						CreatedOnToolsVersion = 9.1;
						ProvisioningStyle = Automatic;
					};
					A639CFF0204E766700B6D961 = {
						CreatedOnToolsVersion = 9.1;
						ProvisioningStyle = Automatic;
						TestTargetID = A639CFDC204E766700B6D961;
					};
					A639CFFB204E766700B6D961 = {
						CreatedOnToolsVersion = 9.1;
						ProvisioningStyle = Automatic;
						TestTargetID = A639CFDC204E766700B6D961;
					};
				};
			};
			buildConfigurationList = A639CFD8204E766700B6D961 /* Build configuration list for PBXProject "Ex1_drag_drop" */;
			compatibilityVersion = "Xcode 8.0";
			developmentRegion = en;
			hasScannedForEncodings = 0;
			knownRegions = (
				en,
				Base,
			);
			mainGroup = A639CFD4204E766700B6D961;
			productRefGroup = A639CFDE204E766700B6D961 /* Products */;
			projectDirPath = "";
			projectRoot = "";
			targets = (
				A639CFDC204E766700B6D961 /* Ex1_drag_drop */,
				A639CFF0204E766700B6D961 /* Ex1_drag_dropTests */,
				A639CFFB204E766700B6D961 /* Ex1_drag_dropUITests */,
			);
		};
/* End PBXProject section */

/* Begin PBXResourcesBuildPhase section */
		A639CFDB204E766700B6D961 /* Resources */ = {
			isa = PBXResourcesBuildPhase;
			buildActionMask = 2147483647;
			files = (
				A639CFEB204E766700B6D961 /* LaunchScreen.storyboard in Resources */,
				A639CFE8204E766700B6D961 /* Assets.xcassets in Resources */,
				A639CFE6204E766700B6D961 /* Main.storyboard in Resources */,
			);
			runOnlyForDeploymentPostprocessing = 0;
		};
		A639CFEF204E766700B6D961 /* Resources */ = {
			isa = PBXResourcesBuildPhase;
			buildActionMask = 2147483647;
			files = (
			);
			runOnlyForDeploymentPostprocessing = 0;
		};
		A639CFFA204E766700B6D961 /* Resources */ = {
			isa = PBXResourcesBuildPhase;
			buildActionMask = 2147483647;
			files = (
			);
			runOnlyForDeploymentPostprocessing = 0;
		};
/* End PBXResourcesBuildPhase section */

/* Begin PBXSourcesBuildPhase section */
		A639CFD9204E766700B6D961 /* Sources */ = {
			isa = PBXSourcesBuildPhase;
			buildActionMask = 2147483647;
			files = (
				A639CFE3204E766700B6D961 /* ViewController.swift in Sources */,
				A639CFE1204E766700B6D961 /* AppDelegate.swift in Sources */,
			);
			runOnlyForDeploymentPostprocessing = 0;
		};
		A639CFED204E766700B6D961 /* Sources */ = {
			isa = PBXSourcesBuildPhase;
			buildActionMask = 2147483647;
			files = (
				A639CFF6204E766700B6D961 /* Ex1_drag_dropTests.swift in Sources */,
			);
			runOnlyForDeploymentPostprocessing = 0;
		};
		A639CFF8204E766700B6D961 /* Sources */ = {
			isa = PBXSourcesBuildPhase;
			buildActionMask = 2147483647;
			files = (
				A639D001204E766700B6D961 /* Ex1_drag_dropUITests.swift in Sources */,
			);
			runOnlyForDeploymentPostprocessing = 0;
		};
/* End PBXSourcesBuildPhase section */

/* Begin PBXTargetDependency section */
		A639CFF3204E766700B6D961 /* PBXTargetDependency */ = {
			isa = PBXTargetDependency;
			target = A639CFDC204E766700B6D961 /* Ex1_drag_drop */;
			targetProxy = A639CFF2204E766700B6D961 /* PBXContainerItemProxy */;
		};
		A639CFFE204E766700B6D961 /* PBXTargetDependency */ = {
			isa = PBXTargetDependency;
			target = A639CFDC204E766700B6D961 /* Ex1_drag_drop */;
			targetProxy = A639CFFD204E766700B6D961 /* PBXContainerItemProxy */;
		};
/* End PBXTargetDependency section */

/* Begin PBXVariantGroup section */
		A639CFE4204E766700B6D961 /* Main.storyboard */ = {
			isa = PBXVariantGroup;
			children = (
				A639CFE5204E766700B6D961 /* Base */,
			);
			name = Main.storyboard;
			sourceTree = "<group>";
		};
		A639CFE9204E766700B6D961 /* LaunchScreen.storyboard */ = {
			isa = PBXVariantGroup;
			children = (
				A639CFEA204E766700B6D961 /* Base */,
			);
			name = LaunchScreen.storyboard;
			sourceTree = "<group>";
		};
/* End PBXVariantGroup section */

/* Begin XCBuildConfiguration section */
		A639D003204E766700B6D961 /* Debug */ = {
			isa = XCBuildConfiguration;
			buildSettings = {
				ALWAYS_SEARCH_USER_PATHS = NO;
				CLANG_ANALYZER_NONNULL = YES;
				CLANG_ANALYZER_NUMBER_OBJECT_CONVERSION = YES_AGGRESSIVE;
				CLANG_CXX_LANGUAGE_STANDARD = "gnu++14";
				CLANG_CXX_LIBRARY = "libc++";
				CLANG_ENABLE_MODULES = YES;
				CLANG_ENABLE_OBJC_ARC = YES;
				CLANG_WARN_BLOCK_CAPTURE_AUTORELEASING = YES;
				CLANG_WARN_BOOL_CONVERSION = YES;
				CLANG_WARN_COMMA = YES;
				CLANG_WARN_CONSTANT_CONVERSION = YES;
				CLANG_WARN_DIRECT_OBJC_ISA_USAGE = YES_ERROR;
				CLANG_WARN_DOCUMENTATION_COMMENTS = YES;
				CLANG_WARN_EMPTY_BODY = YES;
				CLANG_WARN_ENUM_CONVERSION = YES;
				CLANG_WARN_INFINITE_RECURSION = YES;
				CLANG_WARN_INT_CONVERSION = YES;
				CLANG_WARN_NON_LITERAL_NULL_CONVERSION = YES;
				CLANG_WARN_OBJC_LITERAL_CONVERSION = YES;
				CLANG_WARN_OBJC_ROOT_CLASS = YES_ERROR;
				CLANG_WARN_RANGE_LOOP_ANALYSIS = YES;
				CLANG_WARN_STRICT_PROTOTYPES = YES;
				CLANG_WARN_SUSPICIOUS_MOVE = YES;
				CLANG_WARN_UNGUARDED_AVAILABILITY = YES_AGGRESSIVE;
				CLANG_WARN_UNREACHABLE_CODE = YES;
				CLANG_WARN__DUPLICATE_METHOD_MATCH = YES;
				CODE_SIGN_IDENTITY = "iPhone Developer";
				COPY_PHASE_STRIP = NO;
				DEBUG_INFORMATION_FORMAT = dwarf;
				ENABLE_STRICT_OBJC_MSGSEND = YES;
				ENABLE_TESTABILITY = YES;
				GCC_C_LANGUAGE_STANDARD = gnu11;
				GCC_DYNAMIC_NO_PIC = NO;
				GCC_NO_COMMON_BLOCKS = YES;
				GCC_OPTIMIZATION_LEVEL = 0;
				GCC_PREPROCESSOR_DEFINITIONS = (
					"DEBUG=1",
					"$(inherited)",
				);
				GCC_WARN_64_TO_32_BIT_CONVERSION = YES;
				GCC_WARN_ABOUT_RETURN_TYPE = YES_ERROR;
				GCC_WARN_UNDECLARED_SELECTOR = YES;
				GCC_WARN_UNINITIALIZED_AUTOS = YES_AGGRESSIVE;
				GCC_WARN_UNUSED_FUNCTION = YES;
				GCC_WARN_UNUSED_VARIABLE = YES;
				IPHONEOS_DEPLOYMENT_TARGET = 11.1;
				MTL_ENABLE_DEBUG_INFO = YES;
				ONLY_ACTIVE_ARCH = YES;
				SDKROOT = iphoneos;
				SWIFT_ACTIVE_COMPILATION_CONDITIONS = DEBUG;
				SWIFT_OPTIMIZATION_LEVEL = "-Onone";
			};
			name = Debug;
		};
		A639D004204E766700B6D961 /* Release */ = {
			isa = XCBuildConfiguration;
			buildSettings = {
				ALWAYS_SEARCH_USER_PATHS = NO;
				CLANG_ANALYZER_NONNULL = YES;
				CLANG_ANALYZER_NUMBER_OBJECT_CONVERSION = YES_AGGRESSIVE;
				CLANG_CXX_LANGUAGE_STANDARD = "gnu++14";
				CLANG_CXX_LIBRARY = "libc++";
				CLANG_ENABLE_MODULES = YES;
				CLANG_ENABLE_OBJC_ARC = YES;
				CLANG_WARN_BLOCK_CAPTURE_AUTORELEASING = YES;
				CLANG_WARN_BOOL_CONVERSION = YES;
				CLANG_WARN_COMMA = YES;
				CLANG_WARN_CONSTANT_CONVERSION = YES;
				CLANG_WARN_DIRECT_OBJC_ISA_USAGE = YES_ERROR;
				CLANG_WARN_DOCUMENTATION_COMMENTS = YES;
				CLANG_WARN_EMPTY_BODY = YES;
				CLANG_WARN_ENUM_CONVERSION = YES;
				CLANG_WARN_INFINITE_RECURSION = YES;
				CLANG_WARN_INT_CONVERSION = YES;
				CLANG_WARN_NON_LITERAL_NULL_CONVERSION = YES;
				CLANG_WARN_OBJC_LITERAL_CONVERSION = YES;
				CLANG_WARN_OBJC_ROOT_CLASS = YES_ERROR;
				CLANG_WARN_RANGE_LOOP_ANALYSIS = YES;
				CLANG_WARN_STRICT_PROTOTYPES = YES;
				CLANG_WARN_SUSPICIOUS_MOVE = YES;
				CLANG_WARN_UNGUARDED_AVAILABILITY = YES_AGGRESSIVE;
				CLANG_WARN_UNREACHABLE_CODE = YES;
				CLANG_WARN__DUPLICATE_METHOD_MATCH = YES;
				CODE_SIGN_IDENTITY = "iPhone Developer";
				COPY_PHASE_STRIP = NO;
				DEBUG_INFORMATION_FORMAT = "dwarf-with-dsym";
				ENABLE_NS_ASSERTIONS = NO;
				ENABLE_STRICT_OBJC_MSGSEND = YES;
				GCC_C_LANGUAGE_STANDARD = gnu11;
				GCC_NO_COMMON_BLOCKS = YES;
				GCC_WARN_64_TO_32_BIT_CONVERSION = YES;
				GCC_WARN_ABOUT_RETURN_TYPE = YES_ERROR;
				GCC_WARN_UNDECLARED_SELECTOR = YES;
				GCC_WARN_UNINITIALIZED_AUTOS = YES_AGGRESSIVE;
				GCC_WARN_UNUSED_FUNCTION = YES;
				GCC_WARN_UNUSED_VARIABLE = YES;
				IPHONEOS_DEPLOYMENT_TARGET = 11.1;
				MTL_ENABLE_DEBUG_INFO = NO;
				SDKROOT = iphoneos;
				SWIFT_OPTIMIZATION_LEVEL = "-Owholemodule";
				VALIDATE_PRODUCT = YES;
			};
			name = Release;
		};
		A639D006204E766700B6D961 /* Debug */ = {
			isa = XCBuildConfiguration;
			buildSettings = {
				ASSETCATALOG_COMPILER_APPICON_NAME = AppIcon;
				CODE_SIGN_STYLE = Automatic;
				DEVELOPMENT_TEAM = YD2WTYQH8S;
				INFOPLIST_FILE = Ex1_drag_drop/Info.plist;
				LD_RUNPATH_SEARCH_PATHS = "$(inherited) @executable_path/Frameworks";
				PRODUCT_BUNDLE_IDENTIFIER = "com.Ex1-drag-drop";
				PRODUCT_NAME = "$(TARGET_NAME)";
				SWIFT_VERSION = 4.0;
				TARGETED_DEVICE_FAMILY = "1,2";
			};
			name = Debug;
		};
		A639D007204E766700B6D961 /* Release */ = {
			isa = XCBuildConfiguration;
			buildSettings = {
				ASSETCATALOG_COMPILER_APPICON_NAME = AppIcon;
				CODE_SIGN_STYLE = Automatic;
				DEVELOPMENT_TEAM = YD2WTYQH8S;
				INFOPLIST_FILE = Ex1_drag_drop/Info.plist;
				LD_RUNPATH_SEARCH_PATHS = "$(inherited) @executable_path/Frameworks";
				PRODUCT_BUNDLE_IDENTIFIER = "com.Ex1-drag-drop";
				PRODUCT_NAME = "$(TARGET_NAME)";
				SWIFT_VERSION = 4.0;
				TARGETED_DEVICE_FAMILY = "1,2";
			};
			name = Release;
		};
		A639D009204E766700B6D961 /* Debug */ = {
			isa = XCBuildConfiguration;
			buildSettings = {
				ALWAYS_EMBED_SWIFT_STANDARD_LIBRARIES = YES;
				BUNDLE_LOADER = "$(TEST_HOST)";
				CODE_SIGN_STYLE = Automatic;
				DEVELOPMENT_TEAM = YD2WTYQH8S;
				INFOPLIST_FILE = Ex1_drag_dropTests/Info.plist;
				LD_RUNPATH_SEARCH_PATHS = "$(inherited) @executable_path/Frameworks @loader_path/Frameworks";
				PRODUCT_BUNDLE_IDENTIFIER = "com.Ex1-drag-dropTests";
				PRODUCT_NAME = "$(TARGET_NAME)";
				SWIFT_VERSION = 4.0;
				TARGETED_DEVICE_FAMILY = "1,2";
				TEST_HOST = "$(BUILT_PRODUCTS_DIR)/Ex1_drag_drop.app/Ex1_drag_drop";
			};
			name = Debug;
		};
		A639D00A204E766700B6D961 /* Release */ = {
			isa = XCBuildConfiguration;
			buildSettings = {
				ALWAYS_EMBED_SWIFT_STANDARD_LIBRARIES = YES;
				BUNDLE_LOADER = "$(TEST_HOST)";
				CODE_SIGN_STYLE = Automatic;
				DEVELOPMENT_TEAM = YD2WTYQH8S;
				INFOPLIST_FILE = Ex1_drag_dropTests/Info.plist;
				LD_RUNPATH_SEARCH_PATHS = "$(inherited) @executable_path/Frameworks @loader_path/Frameworks";
				PRODUCT_BUNDLE_IDENTIFIER = "com.Ex1-drag-dropTests";
				PRODUCT_NAME = "$(TARGET_NAME)";
				SWIFT_VERSION = 4.0;
				TARGETED_DEVICE_FAMILY = "1,2";
				TEST_HOST = "$(BUILT_PRODUCTS_DIR)/Ex1_drag_drop.app/Ex1_drag_drop";
			};
			name = Release;
		};
		A639D00C204E766700B6D961 /* Debug */ = {
			isa = XCBuildConfiguration;
			buildSettings = {
				ALWAYS_EMBED_SWIFT_STANDARD_LIBRARIES = YES;
				CODE_SIGN_STYLE = Automatic;
				DEVELOPMENT_TEAM = YD2WTYQH8S;
				INFOPLIST_FILE = Ex1_drag_dropUITests/Info.plist;
				LD_RUNPATH_SEARCH_PATHS = "$(inherited) @executable_path/Frameworks @loader_path/Frameworks";
				PRODUCT_BUNDLE_IDENTIFIER = "com.Ex1-drag-dropUITests";
				PRODUCT_NAME = "$(TARGET_NAME)";
				SWIFT_VERSION = 4.0;
				TARGETED_DEVICE_FAMILY = "1,2";
				TEST_TARGET_NAME = Ex1_drag_drop;
			};
			name = Debug;
		};
		A639D00D204E766700B6D961 /* Release */ = {
			isa = XCBuildConfiguration;
			buildSettings = {
				ALWAYS_EMBED_SWIFT_STANDARD_LIBRARIES = YES;
				CODE_SIGN_STYLE = Automatic;
				DEVELOPMENT_TEAM = YD2WTYQH8S;
				INFOPLIST_FILE = Ex1_drag_dropUITests/Info.plist;
				LD_RUNPATH_SEARCH_PATHS = "$(inherited) @executable_path/Frameworks @loader_path/Frameworks";
				PRODUCT_BUNDLE_IDENTIFIER = "com.Ex1-drag-dropUITests";
				PRODUCT_NAME = "$(TARGET_NAME)";
				SWIFT_VERSION = 4.0;
				TARGETED_DEVICE_FAMILY = "1,2";
				TEST_TARGET_NAME = Ex1_drag_drop;
			};
			name = Release;
		};
/* End XCBuildConfiguration section */

/* Begin XCConfigurationList section */
		A639CFD8204E766700B6D961 /* Build configuration list for PBXProject "Ex1_drag_drop" */ = {
			isa = XCConfigurationList;
			buildConfigurations = (
				A639D003204E766700B6D961 /* Debug */,
				A639D004204E766700B6D961 /* Release */,
			);
			defaultConfigurationIsVisible = 0;
			defaultConfigurationName = Release;
		};
		A639D005204E766700B6D961 /* Build configuration list for PBXNativeTarget "Ex1_drag_drop" */ = {
			isa = XCConfigurationList;
			buildConfigurations = (
				A639D006204E766700B6D961 /* Debug */,
				A639D007204E766700B6D961 /* Release */,
			);
			defaultConfigurationIsVisible = 0;
			defaultConfigurationName = Release;
		};
		A639D008204E766700B6D961 /* Build configuration list for PBXNativeTarget "Ex1_drag_dropTests" */ = {
			isa = XCConfigurationList;
			buildConfigurations = (
				A639D009204E766700B6D961 /* Debug */,
				A639D00A204E766700B6D961 /* Release */,
			);
			defaultConfigurationIsVisible = 0;
			defaultConfigurationName = Release;
		};
		A639D00B204E766700B6D961 /* Build configuration list for PBXNativeTarget "Ex1_drag_dropUITests" */ = {
			isa = XCConfigurationList;
			buildConfigurations = (
				A639D00C204E766700B6D961 /* Debug */,
				A639D00D204E766700B6D961 /* Release */,
			);
			defaultConfigurationIsVisible = 0;
			defaultConfigurationName = Release;
		};
/* End XCConfigurationList section */
	};
	rootObject = A639CFD5204E766700B6D961 /* Project object */;
}
