// !$*UTF8*$!
{
	archiveVersion = 1;
	classes = {
	};
	objectVersion = 48;
	objects = {

/* Begin PBXBuildFile section */
		A639D01B204E7B3B00B6D961 /* AppDelegate.swift in Sources */ = {isa = PBXBuildFile; fileRef = A639D01A204E7B3B00B6D961 /* AppDelegate.swift */; };
		A639D01D204E7B3B00B6D961 /* ViewController.swift in Sources */ = {isa = PBXBuildFile; fileRef = A639D01C204E7B3B00B6D961 /* ViewController.swift */; };
		A639D020204E7B3B00B6D961 /* Main.storyboard in Resources */ = {isa = PBXBuildFile; fileRef = A639D01E204E7B3B00B6D961 /* Main.storyboard */; };
		A639D022204E7B3B00B6D961 /* Assets.xcassets in Resources */ = {isa = PBXBuildFile; fileRef = A639D021204E7B3B00B6D961 /* Assets.xcassets */; };
		A639D025204E7B3B00B6D961 /* LaunchScreen.storyboard in Resources */ = {isa = PBXBuildFile; fileRef = A639D023204E7B3B00B6D961 /* LaunchScreen.storyboard */; };
		A639D030204E7B3B00B6D961 /* Ex1_NSConStraintTests.swift in Sources */ = {isa = PBXBuildFile; fileRef = A639D02F204E7B3B00B6D961 /* Ex1_NSConStraintTests.swift */; };
		A639D03B204E7B3B00B6D961 /* Ex1_NSConStraintUITests.swift in Sources */ = {isa = PBXBuildFile; fileRef = A639D03A204E7B3B00B6D961 /* Ex1_NSConStraintUITests.swift */; };
/* End PBXBuildFile section */

/* Begin PBXContainerItemProxy section */
		A639D02C204E7B3B00B6D961 /* PBXContainerItemProxy */ = {
			isa = PBXContainerItemProxy;
			containerPortal = A639D00F204E7B3B00B6D961 /* Project object */;
			proxyType = 1;
			remoteGlobalIDString = A639D016204E7B3B00B6D961;
			remoteInfo = Ex1_NSConStraint;
		};
		A639D037204E7B3B00B6D961 /* PBXContainerItemProxy */ = {
			isa = PBXContainerItemProxy;
			containerPortal = A639D00F204E7B3B00B6D961 /* Project object */;
			proxyType = 1;
			remoteGlobalIDString = A639D016204E7B3B00B6D961;
			remoteInfo = Ex1_NSConStraint;
		};
/* End PBXContainerItemProxy section */

/* Begin PBXFileReference section */
		A639D017204E7B3B00B6D961 /* Ex1_NSConStraint.app */ = {isa = PBXFileReference; explicitFileType = wrapper.application; includeInIndex = 0; path = Ex1_NSConStraint.app; sourceTree = BUILT_PRODUCTS_DIR; };
		A639D01A204E7B3B00B6D961 /* AppDelegate.swift */ = {isa = PBXFileReference; lastKnownFileType = sourcecode.swift; path = AppDelegate.swift; sourceTree = "<group>"; };
		A639D01C204E7B3B00B6D961 /* ViewController.swift */ = {isa = PBXFileReference; lastKnownFileType = sourcecode.swift; path = ViewController.swift; sourceTree = "<group>"; };
		A639D01F204E7B3B00B6D961 /* Base */ = {isa = PBXFileReference; lastKnownFileType = file.storyboard; name = Base; path = Base.lproj/Main.storyboard; sourceTree = "<group>"; };
		A639D021204E7B3B00B6D961 /* Assets.xcassets */ = {isa = PBXFileReference; lastKnownFileType = folder.assetcatalog; path = Assets.xcassets; sourceTree = "<group>"; };
		A639D024204E7B3B00B6D961 /* Base */ = {isa = PBXFileReference; lastKnownFileType = file.storyboard; name = Base; path = Base.lproj/LaunchScreen.storyboard; sourceTree = "<group>"; };
		A639D026204E7B3B00B6D961 /* Info.plist */ = {isa = PBXFileReference; lastKnownFileType = text.plist.xml; path = Info.plist; sourceTree = "<group>"; };
		A639D02B204E7B3B00B6D961 /* Ex1_NSConStraintTests.xctest */ = {isa = PBXFileReference; explicitFileType = wrapper.cfbundle; includeInIndex = 0; path = Ex1_NSConStraintTests.xctest; sourceTree = BUILT_PRODUCTS_DIR; };
		A639D02F204E7B3B00B6D961 /* Ex1_NSConStraintTests.swift */ = {isa = PBXFileReference; lastKnownFileType = sourcecode.swift; path = Ex1_NSConStraintTests.swift; sourceTree = "<group>"; };
		A639D031204E7B3B00B6D961 /* Info.plist */ = {isa = PBXFileReference; lastKnownFileType = text.plist.xml; path = Info.plist; sourceTree = "<group>"; };
		A639D036204E7B3B00B6D961 /* Ex1_NSConStraintUITests.xctest */ = {isa = PBXFileReference; explicitFileType = wrapper.cfbundle; includeInIndex = 0; path = Ex1_NSConStraintUITests.xctest; sourceTree = BUILT_PRODUCTS_DIR; };
		A639D03A204E7B3B00B6D961 /* Ex1_NSConStraintUITests.swift */ = {isa = PBXFileReference; lastKnownFileType = sourcecode.swift; path = Ex1_NSConStraintUITests.swift; sourceTree = "<group>"; };
		A639D03C204E7B3B00B6D961 /* Info.plist */ = {isa = PBXFileReference; lastKnownFileType = text.plist.xml; path = Info.plist; sourceTree = "<group>"; };
/* End PBXFileReference section */

/* Begin PBXFrameworksBuildPhase section */
		A639D014204E7B3B00B6D961 /* Frameworks */ = {
			isa = PBXFrameworksBuildPhase;
			buildActionMask = 2147483647;
			files = (
			);
			runOnlyForDeploymentPostprocessing = 0;
		};
		A639D028204E7B3B00B6D961 /* Frameworks */ = {
			isa = PBXFrameworksBuildPhase;
			buildActionMask = 2147483647;
			files = (
			);
			runOnlyForDeploymentPostprocessing = 0;
		};
		A639D033204E7B3B00B6D961 /* Frameworks */ = {
			isa = PBXFrameworksBuildPhase;
			buildActionMask = 2147483647;
			files = (
			);
			runOnlyForDeploymentPostprocessing = 0;
		};
/* End PBXFrameworksBuildPhase section */

/* Begin PBXGroup section */
		A639D00E204E7B3B00B6D961 = {
			isa = PBXGroup;
			children = (
				A639D019204E7B3B00B6D961 /* Ex1_NSConStraint */,
				A639D02E204E7B3B00B6D961 /* Ex1_NSConStraintTests */,
				A639D039204E7B3B00B6D961 /* Ex1_NSConStraintUITests */,
				A639D018204E7B3B00B6D961 /* Products */,
			);
			sourceTree = "<group>";
		};
		A639D018204E7B3B00B6D961 /* Products */ = {
			isa = PBXGroup;
			children = (
				A639D017204E7B3B00B6D961 /* Ex1_NSConStraint.app */,
				A639D02B204E7B3B00B6D961 /* Ex1_NSConStraintTests.xctest */,
				A639D036204E7B3B00B6D961 /* Ex1_NSConStraintUITests.xctest */,
			);
			name = Products;
			sourceTree = "<group>";
		};
		A639D019204E7B3B00B6D961 /* Ex1_NSConStraint */ = {
			isa = PBXGroup;
			children = (
				A639D01A204E7B3B00B6D961 /* AppDelegate.swift */,
				A639D01C204E7B3B00B6D961 /* ViewController.swift */,
				A639D01E204E7B3B00B6D961 /* Main.storyboard */,
				A639D021204E7B3B00B6D961 /* Assets.xcassets */,
				A639D023204E7B3B00B6D961 /* LaunchScreen.storyboard */,
				A639D026204E7B3B00B6D961 /* Info.plist */,
			);
			path = Ex1_NSConStraint;
			sourceTree = "<group>";
		};
		A639D02E204E7B3B00B6D961 /* Ex1_NSConStraintTests */ = {
			isa = PBXGroup;
			children = (
				A639D02F204E7B3B00B6D961 /* Ex1_NSConStraintTests.swift */,
				A639D031204E7B3B00B6D961 /* Info.plist */,
			);
			path = Ex1_NSConStraintTests;
			sourceTree = "<group>";
		};
		A639D039204E7B3B00B6D961 /* Ex1_NSConStraintUITests */ = {
			isa = PBXGroup;
			children = (
				A639D03A204E7B3B00B6D961 /* Ex1_NSConStraintUITests.swift */,
				A639D03C204E7B3B00B6D961 /* Info.plist */,
			);
			path = Ex1_NSConStraintUITests;
			sourceTree = "<group>";
		};
/* End PBXGroup section */

/* Begin PBXNativeTarget section */
		A639D016204E7B3B00B6D961 /* Ex1_NSConStraint */ = {
			isa = PBXNativeTarget;
			buildConfigurationList = A639D03F204E7B3B00B6D961 /* Build configuration list for PBXNativeTarget "Ex1_NSConStraint" */;
			buildPhases = (
				A639D013204E7B3B00B6D961 /* Sources */,
				A639D014204E7B3B00B6D961 /* Frameworks */,
				A639D015204E7B3B00B6D961 /* Resources */,
			);
			buildRules = (
			);
			dependencies = (
			);
			name = Ex1_NSConStraint;
			productName = Ex1_NSConStraint;
			productReference = A639D017204E7B3B00B6D961 /* Ex1_NSConStraint.app */;
			productType = "com.apple.product-type.application";
		};
		A639D02A204E7B3B00B6D961 /* Ex1_NSConStraintTests */ = {
			isa = PBXNativeTarget;
			buildConfigurationList = A639D042204E7B3B00B6D961 /* Build configuration list for PBXNativeTarget "Ex1_NSConStraintTests" */;
			buildPhases = (
				A639D027204E7B3B00B6D961 /* Sources */,
				A639D028204E7B3B00B6D961 /* Frameworks */,
				A639D029204E7B3B00B6D961 /* Resources */,
			);
			buildRules = (
			);
			dependencies = (
				A639D02D204E7B3B00B6D961 /* PBXTargetDependency */,
			);
			name = Ex1_NSConStraintTests;
			productName = Ex1_NSConStraintTests;
			productReference = A639D02B204E7B3B00B6D961 /* Ex1_NSConStraintTests.xctest */;
			productType = "com.apple.product-type.bundle.unit-test";
		};
		A639D035204E7B3B00B6D961 /* Ex1_NSConStraintUITests */ = {
			isa = PBXNativeTarget;
			buildConfigurationList = A639D045204E7B3B00B6D961 /* Build configuration list for PBXNativeTarget "Ex1_NSConStraintUITests" */;
			buildPhases = (
				A639D032204E7B3B00B6D961 /* Sources */,
				A639D033204E7B3B00B6D961 /* Frameworks */,
				A639D034204E7B3B00B6D961 /* Resources */,
			);
			buildRules = (
			);
			dependencies = (
				A639D038204E7B3B00B6D961 /* PBXTargetDependency */,
			);
			name = Ex1_NSConStraintUITests;
			productName = Ex1_NSConStraintUITests;
			productReference = A639D036204E7B3B00B6D961 /* Ex1_NSConStraintUITests.xctest */;
			productType = "com.apple.product-type.bundle.ui-testing";
		};
/* End PBXNativeTarget section */

/* Begin PBXProject section */
		A639D00F204E7B3B00B6D961 /* Project object */ = {
			isa = PBXProject;
			attributes = {
				LastSwiftUpdateCheck = 0910;
				LastUpgradeCheck = 0910;
				ORGANIZATIONNAME = "Tran Tri";
				TargetAttributes = {
					A639D016204E7B3B00B6D961 = {
						CreatedOnToolsVersion = 9.1;
						ProvisioningStyle = Automatic;
					};
					A639D02A204E7B3B00B6D961 = {
						CreatedOnToolsVersion = 9.1;
						ProvisioningStyle = Automatic;
						TestTargetID = A639D016204E7B3B00B6D961;
					};
					A639D035204E7B3B00B6D961 = {
						CreatedOnToolsVersion = 9.1;
						ProvisioningStyle = Automatic;
						TestTargetID = A639D016204E7B3B00B6D961;
					};
				};
			};
			buildConfigurationList = A639D012204E7B3B00B6D961 /* Build configuration list for PBXProject "Ex1_NSConStraint" */;
			compatibilityVersion = "Xcode 8.0";
			developmentRegion = en;
			hasScannedForEncodings = 0;
			knownRegions = (
				en,
				Base,
			);
			mainGroup = A639D00E204E7B3B00B6D961;
			productRefGroup = A639D018204E7B3B00B6D961 /* Products */;
			projectDirPath = "";
			projectRoot = "";
			targets = (
				A639D016204E7B3B00B6D961 /* Ex1_NSConStraint */,
				A639D02A204E7B3B00B6D961 /* Ex1_NSConStraintTests */,
				A639D035204E7B3B00B6D961 /* Ex1_NSConStraintUITests */,
			);
		};
/* End PBXProject section */

/* Begin PBXResourcesBuildPhase section */
		A639D015204E7B3B00B6D961 /* Resources */ = {
			isa = PBXResourcesBuildPhase;
			buildActionMask = 2147483647;
			files = (
				A639D025204E7B3B00B6D961 /* LaunchScreen.storyboard in Resources */,
				A639D022204E7B3B00B6D961 /* Assets.xcassets in Resources */,
				A639D020204E7B3B00B6D961 /* Main.storyboard in Resources */,
			);
			runOnlyForDeploymentPostprocessing = 0;
		};
		A639D029204E7B3B00B6D961 /* Resources */ = {
			isa = PBXResourcesBuildPhase;
			buildActionMask = 2147483647;
			files = (
			);
			runOnlyForDeploymentPostprocessing = 0;
		};
		A639D034204E7B3B00B6D961 /* Resources */ = {
			isa = PBXResourcesBuildPhase;
			buildActionMask = 2147483647;
			files = (
			);
			runOnlyForDeploymentPostprocessing = 0;
		};
/* End PBXResourcesBuildPhase section */

/* Begin PBXSourcesBuildPhase section */
		A639D013204E7B3B00B6D961 /* Sources */ = {
			isa = PBXSourcesBuildPhase;
			buildActionMask = 2147483647;
			files = (
				A639D01D204E7B3B00B6D961 /* ViewController.swift in Sources */,
				A639D01B204E7B3B00B6D961 /* AppDelegate.swift in Sources */,
			);
			runOnlyForDeploymentPostprocessing = 0;
		};
		A639D027204E7B3B00B6D961 /* Sources */ = {
			isa = PBXSourcesBuildPhase;
			buildActionMask = 2147483647;
			files = (
				A639D030204E7B3B00B6D961 /* Ex1_NSConStraintTests.swift in Sources */,
			);
			runOnlyForDeploymentPostprocessing = 0;
		};
		A639D032204E7B3B00B6D961 /* Sources */ = {
			isa = PBXSourcesBuildPhase;
			buildActionMask = 2147483647;
			files = (
				A639D03B204E7B3B00B6D961 /* Ex1_NSConStraintUITests.swift in Sources */,
			);
			runOnlyForDeploymentPostprocessing = 0;
		};
/* End PBXSourcesBuildPhase section */

/* Begin PBXTargetDependency section */
		A639D02D204E7B3B00B6D961 /* PBXTargetDependency */ = {
			isa = PBXTargetDependency;
			target = A639D016204E7B3B00B6D961 /* Ex1_NSConStraint */;
			targetProxy = A639D02C204E7B3B00B6D961 /* PBXContainerItemProxy */;
		};
		A639D038204E7B3B00B6D961 /* PBXTargetDependency */ = {
			isa = PBXTargetDependency;
			target = A639D016204E7B3B00B6D961 /* Ex1_NSConStraint */;
			targetProxy = A639D037204E7B3B00B6D961 /* PBXContainerItemProxy */;
		};
/* End PBXTargetDependency section */

/* Begin PBXVariantGroup section */
		A639D01E204E7B3B00B6D961 /* Main.storyboard */ = {
			isa = PBXVariantGroup;
			children = (
				A639D01F204E7B3B00B6D961 /* Base */,
			);
			name = Main.storyboard;
			sourceTree = "<group>";
		};
		A639D023204E7B3B00B6D961 /* LaunchScreen.storyboard */ = {
			isa = PBXVariantGroup;
			children = (
				A639D024204E7B3B00B6D961 /* Base */,
			);
			name = LaunchScreen.storyboard;
			sourceTree = "<group>";
		};
/* End PBXVariantGroup section */

/* Begin XCBuildConfiguration section */
		A639D03D204E7B3B00B6D961 /* Debug */ = {
			isa = XCBuildConfiguration;
			buildSettings = {
				ALWAYS_SEARCH_USER_PATHS = NO;
				CLANG_ANALYZER_NONNULL = YES;
				CLANG_ANALYZER_NUMBER_OBJECT_CONVERSION = YES_AGGRESSIVE;
				CLANG_CXX_LANGUAGE_STANDARD = "gnu++14";
				CLANG_CXX_LIBRARY = "libc++";
				CLANG_ENABLE_MODULES = YES;
				CLANG_ENABLE_OBJC_ARC = YES;
				CLANG_WARN_BLOCK_CAPTURE_AUTORELEASING = YES;
				CLANG_WARN_BOOL_CONVERSION = YES;
				CLANG_WARN_COMMA = YES;
				CLANG_WARN_CONSTANT_CONVERSION = YES;
				CLANG_WARN_DIRECT_OBJC_ISA_USAGE = YES_ERROR;
				CLANG_WARN_DOCUMENTATION_COMMENTS = YES;
				CLANG_WARN_EMPTY_BODY = YES;
				CLANG_WARN_ENUM_CONVERSION = YES;
				CLANG_WARN_INFINITE_RECURSION = YES;
				CLANG_WARN_INT_CONVERSION = YES;
				CLANG_WARN_NON_LITERAL_NULL_CONVERSION = YES;
				CLANG_WARN_OBJC_LITERAL_CONVERSION = YES;
				CLANG_WARN_OBJC_ROOT_CLASS = YES_ERROR;
				CLANG_WARN_RANGE_LOOP_ANALYSIS = YES;
				CLANG_WARN_STRICT_PROTOTYPES = YES;
				CLANG_WARN_SUSPICIOUS_MOVE = YES;
				CLANG_WARN_UNGUARDED_AVAILABILITY = YES_AGGRESSIVE;
				CLANG_WARN_UNREACHABLE_CODE = YES;
				CLANG_WARN__DUPLICATE_METHOD_MATCH = YES;
				CODE_SIGN_IDENTITY = "iPhone Developer";
				COPY_PHASE_STRIP = NO;
				DEBUG_INFORMATION_FORMAT = dwarf;
				ENABLE_STRICT_OBJC_MSGSEND = YES;
				ENABLE_TESTABILITY = YES;
				GCC_C_LANGUAGE_STANDARD = gnu11;
				GCC_DYNAMIC_NO_PIC = NO;
				GCC_NO_COMMON_BLOCKS = YES;
				GCC_OPTIMIZATION_LEVEL = 0;
				GCC_PREPROCESSOR_DEFINITIONS = (
					"DEBUG=1",
					"$(inherited)",
				);
				GCC_WARN_64_TO_32_BIT_CONVERSION = YES;
				GCC_WARN_ABOUT_RETURN_TYPE = YES_ERROR;
				GCC_WARN_UNDECLARED_SELECTOR = YES;
				GCC_WARN_UNINITIALIZED_AUTOS = YES_AGGRESSIVE;
				GCC_WARN_UNUSED_FUNCTION = YES;
				GCC_WARN_UNUSED_VARIABLE = YES;
				IPHONEOS_DEPLOYMENT_TARGET = 11.1;
				MTL_ENABLE_DEBUG_INFO = YES;
				ONLY_ACTIVE_ARCH = YES;
				SDKROOT = iphoneos;
				SWIFT_ACTIVE_COMPILATION_CONDITIONS = DEBUG;
				SWIFT_OPTIMIZATION_LEVEL = "-Onone";
			};
			name = Debug;
		};
		A639D03E204E7B3B00B6D961 /* Release */ = {
			isa = XCBuildConfiguration;
			buildSettings = {
				ALWAYS_SEARCH_USER_PATHS = NO;
				CLANG_ANALYZER_NONNULL = YES;
				CLANG_ANALYZER_NUMBER_OBJECT_CONVERSION = YES_AGGRESSIVE;
				CLANG_CXX_LANGUAGE_STANDARD = "gnu++14";
				CLANG_CXX_LIBRARY = "libc++";
				CLANG_ENABLE_MODULES = YES;
				CLANG_ENABLE_OBJC_ARC = YES;
				CLANG_WARN_BLOCK_CAPTURE_AUTORELEASING = YES;
				CLANG_WARN_BOOL_CONVERSION = YES;
				CLANG_WARN_COMMA = YES;
				CLANG_WARN_CONSTANT_CONVERSION = YES;
				CLANG_WARN_DIRECT_OBJC_ISA_USAGE = YES_ERROR;
				CLANG_WARN_DOCUMENTATION_COMMENTS = YES;
				CLANG_WARN_EMPTY_BODY = YES;
				CLANG_WARN_ENUM_CONVERSION = YES;
				CLANG_WARN_INFINITE_RECURSION = YES;
				CLANG_WARN_INT_CONVERSION = YES;
				CLANG_WARN_NON_LITERAL_NULL_CONVERSION = YES;
				CLANG_WARN_OBJC_LITERAL_CONVERSION = YES;
				CLANG_WARN_OBJC_ROOT_CLASS = YES_ERROR;
				CLANG_WARN_RANGE_LOOP_ANALYSIS = YES;
				CLANG_WARN_STRICT_PROTOTYPES = YES;
				CLANG_WARN_SUSPICIOUS_MOVE = YES;
				CLANG_WARN_UNGUARDED_AVAILABILITY = YES_AGGRESSIVE;
				CLANG_WARN_UNREACHABLE_CODE = YES;
				CLANG_WARN__DUPLICATE_METHOD_MATCH = YES;
				CODE_SIGN_IDENTITY = "iPhone Developer";
				COPY_PHASE_STRIP = NO;
				DEBUG_INFORMATION_FORMAT = "dwarf-with-dsym";
				ENABLE_NS_ASSERTIONS = NO;
				ENABLE_STRICT_OBJC_MSGSEND = YES;
				GCC_C_LANGUAGE_STANDARD = gnu11;
				GCC_NO_COMMON_BLOCKS = YES;
				GCC_WARN_64_TO_32_BIT_CONVERSION = YES;
				GCC_WARN_ABOUT_RETURN_TYPE = YES_ERROR;
				GCC_WARN_UNDECLARED_SELECTOR = YES;
				GCC_WARN_UNINITIALIZED_AUTOS = YES_AGGRESSIVE;
				GCC_WARN_UNUSED_FUNCTION = YES;
				GCC_WARN_UNUSED_VARIABLE = YES;
				IPHONEOS_DEPLOYMENT_TARGET = 11.1;
				MTL_ENABLE_DEBUG_INFO = NO;
				SDKROOT = iphoneos;
				SWIFT_OPTIMIZATION_LEVEL = "-Owholemodule";
				VALIDATE_PRODUCT = YES;
			};
			name = Release;
		};
		A639D040204E7B3B00B6D961 /* Debug */ = {
			isa = XCBuildConfiguration;
			buildSettings = {
				ASSETCATALOG_COMPILER_APPICON_NAME = AppIcon;
				CODE_SIGN_STYLE = Automatic;
				DEVELOPMENT_TEAM = YD2WTYQH8S;
				INFOPLIST_FILE = Ex1_NSConStraint/Info.plist;
				LD_RUNPATH_SEARCH_PATHS = "$(inherited) @executable_path/Frameworks";
				PRODUCT_BUNDLE_IDENTIFIER = "com.Ex1-NSConStraint";
				PRODUCT_NAME = "$(TARGET_NAME)";
				SWIFT_VERSION = 4.0;
				TARGETED_DEVICE_FAMILY = "1,2";
			};
			name = Debug;
		};
		A639D041204E7B3B00B6D961 /* Release */ = {
			isa = XCBuildConfiguration;
			buildSettings = {
				ASSETCATALOG_COMPILER_APPICON_NAME = AppIcon;
				CODE_SIGN_STYLE = Automatic;
				DEVELOPMENT_TEAM = YD2WTYQH8S;
				INFOPLIST_FILE = Ex1_NSConStraint/Info.plist;
				LD_RUNPATH_SEARCH_PATHS = "$(inherited) @executable_path/Frameworks";
				PRODUCT_BUNDLE_IDENTIFIER = "com.Ex1-NSConStraint";
				PRODUCT_NAME = "$(TARGET_NAME)";
				SWIFT_VERSION = 4.0;
				TARGETED_DEVICE_FAMILY = "1,2";
			};
			name = Release;
		};
		A639D043204E7B3B00B6D961 /* Debug */ = {
			isa = XCBuildConfiguration;
			buildSettings = {
				ALWAYS_EMBED_SWIFT_STANDARD_LIBRARIES = YES;
				BUNDLE_LOADER = "$(TEST_HOST)";
				CODE_SIGN_STYLE = Automatic;
				DEVELOPMENT_TEAM = YD2WTYQH8S;
				INFOPLIST_FILE = Ex1_NSConStraintTests/Info.plist;
				LD_RUNPATH_SEARCH_PATHS = "$(inherited) @executable_path/Frameworks @loader_path/Frameworks";
				PRODUCT_BUNDLE_IDENTIFIER = "com.Ex1-NSConStraintTests";
				PRODUCT_NAME = "$(TARGET_NAME)";
				SWIFT_VERSION = 4.0;
				TARGETED_DEVICE_FAMILY = "1,2";
				TEST_HOST = "$(BUILT_PRODUCTS_DIR)/Ex1_NSConStraint.app/Ex1_NSConStraint";
			};
			name = Debug;
		};
		A639D044204E7B3B00B6D961 /* Release */ = {
			isa = XCBuildConfiguration;
			buildSettings = {
				ALWAYS_EMBED_SWIFT_STANDARD_LIBRARIES = YES;
				BUNDLE_LOADER = "$(TEST_HOST)";
				CODE_SIGN_STYLE = Automatic;
				DEVELOPMENT_TEAM = YD2WTYQH8S;
				INFOPLIST_FILE = Ex1_NSConStraintTests/Info.plist;
				LD_RUNPATH_SEARCH_PATHS = "$(inherited) @executable_path/Frameworks @loader_path/Frameworks";
				PRODUCT_BUNDLE_IDENTIFIER = "com.Ex1-NSConStraintTests";
				PRODUCT_NAME = "$(TARGET_NAME)";
				SWIFT_VERSION = 4.0;
				TARGETED_DEVICE_FAMILY = "1,2";
				TEST_HOST = "$(BUILT_PRODUCTS_DIR)/Ex1_NSConStraint.app/Ex1_NSConStraint";
			};
			name = Release;
		};
		A639D046204E7B3B00B6D961 /* Debug */ = {
			isa = XCBuildConfiguration;
			buildSettings = {
				ALWAYS_EMBED_SWIFT_STANDARD_LIBRARIES = YES;
				CODE_SIGN_STYLE = Automatic;
				DEVELOPMENT_TEAM = YD2WTYQH8S;
				INFOPLIST_FILE = Ex1_NSConStraintUITests/Info.plist;
				LD_RUNPATH_SEARCH_PATHS = "$(inherited) @executable_path/Frameworks @loader_path/Frameworks";
				PRODUCT_BUNDLE_IDENTIFIER = "com.Ex1-NSConStraintUITests";
				PRODUCT_NAME = "$(TARGET_NAME)";
				SWIFT_VERSION = 4.0;
				TARGETED_DEVICE_FAMILY = "1,2";
				TEST_TARGET_NAME = Ex1_NSConStraint;
			};
			name = Debug;
		};
		A639D047204E7B3B00B6D961 /* Release */ = {
			isa = XCBuildConfiguration;
			buildSettings = {
				ALWAYS_EMBED_SWIFT_STANDARD_LIBRARIES = YES;
				CODE_SIGN_STYLE = Automatic;
				DEVELOPMENT_TEAM = YD2WTYQH8S;
				INFOPLIST_FILE = Ex1_NSConStraintUITests/Info.plist;
				LD_RUNPATH_SEARCH_PATHS = "$(inherited) @executable_path/Frameworks @loader_path/Frameworks";
				PRODUCT_BUNDLE_IDENTIFIER = "com.Ex1-NSConStraintUITests";
				PRODUCT_NAME = "$(TARGET_NAME)";
				SWIFT_VERSION = 4.0;
				TARGETED_DEVICE_FAMILY = "1,2";
				TEST_TARGET_NAME = Ex1_NSConStraint;
			};
			name = Release;
		};
/* End XCBuildConfiguration section */

/* Begin XCConfigurationList section */
		A639D012204E7B3B00B6D961 /* Build configuration list for PBXProject "Ex1_NSConStraint" */ = {
			isa = XCConfigurationList;
			buildConfigurations = (
				A639D03D204E7B3B00B6D961 /* Debug */,
				A639D03E204E7B3B00B6D961 /* Release */,
			);
			defaultConfigurationIsVisible = 0;
			defaultConfigurationName = Release;
		};
		A639D03F204E7B3B00B6D961 /* Build configuration list for PBXNativeTarget "Ex1_NSConStraint" */ = {
			isa = XCConfigurationList;
			buildConfigurations = (
				A639D040204E7B3B00B6D961 /* Debug */,
				A639D041204E7B3B00B6D961 /* Release */,
			);
			defaultConfigurationIsVisible = 0;
			defaultConfigurationName = Release;
		};
		A639D042204E7B3B00B6D961 /* Build configuration list for PBXNativeTarget "Ex1_NSConStraintTests" */ = {
			isa = XCConfigurationList;
			buildConfigurations = (
				A639D043204E7B3B00B6D961 /* Debug */,
				A639D044204E7B3B00B6D961 /* Release */,
			);
			defaultConfigurationIsVisible = 0;
			defaultConfigurationName = Release;
		};
		A639D045204E7B3B00B6D961 /* Build configuration list for PBXNativeTarget "Ex1_NSConStraintUITests" */ = {
			isa = XCConfigurationList;
			buildConfigurations = (
				A639D046204E7B3B00B6D961 /* Debug */,
				A639D047204E7B3B00B6D961 /* Release */,
			);
			defaultConfigurationIsVisible = 0;
			defaultConfigurationName = Release;
		};
/* End XCConfigurationList section */
	};
	rootObject = A639D00F204E7B3B00B6D961 /* Project object */;
}
