// !$*UTF8*$!
{
	archiveVersion = 1;
	classes = {
	};
	objectVersion = 48;
	objects = {

/* Begin PBXBuildFile section */
		A6F672B8204FA2B200244577 /* AppDelegate.swift in Sources */ = {isa = PBXBuildFile; fileRef = A6F672B7204FA2B200244577 /* AppDelegate.swift */; };
		A6F672BA204FA2B200244577 /* ViewController.swift in Sources */ = {isa = PBXBuildFile; fileRef = A6F672B9204FA2B200244577 /* ViewController.swift */; };
		A6F672BD204FA2B200244577 /* Main.storyboard in Resources */ = {isa = PBXBuildFile; fileRef = A6F672BB204FA2B200244577 /* Main.storyboard */; };
		A6F672BF204FA2B200244577 /* Assets.xcassets in Resources */ = {isa = PBXBuildFile; fileRef = A6F672BE204FA2B200244577 /* Assets.xcassets */; };
		A6F672C2204FA2B200244577 /* LaunchScreen.storyboard in Resources */ = {isa = PBXBuildFile; fileRef = A6F672C0204FA2B200244577 /* LaunchScreen.storyboard */; };
		A6F672CD204FA2B200244577 /* NavigationControllerTests.swift in Sources */ = {isa = PBXBuildFile; fileRef = A6F672CC204FA2B200244577 /* NavigationControllerTests.swift */; };
		A6F672D8204FA2B200244577 /* NavigationControllerUITests.swift in Sources */ = {isa = PBXBuildFile; fileRef = A6F672D7204FA2B200244577 /* NavigationControllerUITests.swift */; };
		A6F672E6204FA34600244577 /* XanhViewController.swift in Sources */ = {isa = PBXBuildFile; fileRef = A6F672E5204FA34600244577 /* XanhViewController.swift */; };
		A6F672E8204FC46000244577 /* DoViewController.swift in Sources */ = {isa = PBXBuildFile; fileRef = A6F672E7204FC46000244577 /* DoViewController.swift */; };
/* End PBXBuildFile section */

/* Begin PBXContainerItemProxy section */
		A6F672C9204FA2B200244577 /* PBXContainerItemProxy */ = {
			isa = PBXContainerItemProxy;
			containerPortal = A6F672AC204FA2B200244577 /* Project object */;
			proxyType = 1;
			remoteGlobalIDString = A6F672B3204FA2B200244577;
			remoteInfo = NavigationController;
		};
		A6F672D4204FA2B200244577 /* PBXContainerItemProxy */ = {
			isa = PBXContainerItemProxy;
			containerPortal = A6F672AC204FA2B200244577 /* Project object */;
			proxyType = 1;
			remoteGlobalIDString = A6F672B3204FA2B200244577;
			remoteInfo = NavigationController;
		};
/* End PBXContainerItemProxy section */

/* Begin PBXFileReference section */
		A6F672B4204FA2B200244577 /* NavigationController.app */ = {isa = PBXFileReference; explicitFileType = wrapper.application; includeInIndex = 0; path = NavigationController.app; sourceTree = BUILT_PRODUCTS_DIR; };
		A6F672B7204FA2B200244577 /* AppDelegate.swift */ = {isa = PBXFileReference; lastKnownFileType = sourcecode.swift; path = AppDelegate.swift; sourceTree = "<group>"; };
		A6F672B9204FA2B200244577 /* ViewController.swift */ = {isa = PBXFileReference; lastKnownFileType = sourcecode.swift; path = ViewController.swift; sourceTree = "<group>"; };
		A6F672BC204FA2B200244577 /* Base */ = {isa = PBXFileReference; lastKnownFileType = file.storyboard; name = Base; path = Base.lproj/Main.storyboard; sourceTree = "<group>"; };
		A6F672BE204FA2B200244577 /* Assets.xcassets */ = {isa = PBXFileReference; lastKnownFileType = folder.assetcatalog; path = Assets.xcassets; sourceTree = "<group>"; };
		A6F672C1204FA2B200244577 /* Base */ = {isa = PBXFileReference; lastKnownFileType = file.storyboard; name = Base; path = Base.lproj/LaunchScreen.storyboard; sourceTree = "<group>"; };
		A6F672C3204FA2B200244577 /* Info.plist */ = {isa = PBXFileReference; lastKnownFileType = text.plist.xml; path = Info.plist; sourceTree = "<group>"; };
		A6F672C8204FA2B200244577 /* NavigationControllerTests.xctest */ = {isa = PBXFileReference; explicitFileType = wrapper.cfbundle; includeInIndex = 0; path = NavigationControllerTests.xctest; sourceTree = BUILT_PRODUCTS_DIR; };
		A6F672CC204FA2B200244577 /* NavigationControllerTests.swift */ = {isa = PBXFileReference; lastKnownFileType = sourcecode.swift; path = NavigationControllerTests.swift; sourceTree = "<group>"; };
		A6F672CE204FA2B200244577 /* Info.plist */ = {isa = PBXFileReference; lastKnownFileType = text.plist.xml; path = Info.plist; sourceTree = "<group>"; };
		A6F672D3204FA2B200244577 /* NavigationControllerUITests.xctest */ = {isa = PBXFileReference; explicitFileType = wrapper.cfbundle; includeInIndex = 0; path = NavigationControllerUITests.xctest; sourceTree = BUILT_PRODUCTS_DIR; };
		A6F672D7204FA2B200244577 /* NavigationControllerUITests.swift */ = {isa = PBXFileReference; lastKnownFileType = sourcecode.swift; path = NavigationControllerUITests.swift; sourceTree = "<group>"; };
		A6F672D9204FA2B200244577 /* Info.plist */ = {isa = PBXFileReference; lastKnownFileType = text.plist.xml; path = Info.plist; sourceTree = "<group>"; };
		A6F672E5204FA34600244577 /* XanhViewController.swift */ = {isa = PBXFileReference; lastKnownFileType = sourcecode.swift; path = XanhViewController.swift; sourceTree = "<group>"; };
		A6F672E7204FC46000244577 /* DoViewController.swift */ = {isa = PBXFileReference; lastKnownFileType = sourcecode.swift; path = DoViewController.swift; sourceTree = "<group>"; };
/* End PBXFileReference section */

/* Begin PBXFrameworksBuildPhase section */
		A6F672B1204FA2B200244577 /* Frameworks */ = {
			isa = PBXFrameworksBuildPhase;
			buildActionMask = 2147483647;
			files = (
			);
			runOnlyForDeploymentPostprocessing = 0;
		};
		A6F672C5204FA2B200244577 /* Frameworks */ = {
			isa = PBXFrameworksBuildPhase;
			buildActionMask = 2147483647;
			files = (
			);
			runOnlyForDeploymentPostprocessing = 0;
		};
		A6F672D0204FA2B200244577 /* Frameworks */ = {
			isa = PBXFrameworksBuildPhase;
			buildActionMask = 2147483647;
			files = (
			);
			runOnlyForDeploymentPostprocessing = 0;
		};
/* End PBXFrameworksBuildPhase section */

/* Begin PBXGroup section */
		A6F672AB204FA2B200244577 = {
			isa = PBXGroup;
			children = (
				A6F672B6204FA2B200244577 /* NavigationController */,
				A6F672CB204FA2B200244577 /* NavigationControllerTests */,
				A6F672D6204FA2B200244577 /* NavigationControllerUITests */,
				A6F672B5204FA2B200244577 /* Products */,
			);
			sourceTree = "<group>";
		};
		A6F672B5204FA2B200244577 /* Products */ = {
			isa = PBXGroup;
			children = (
				A6F672B4204FA2B200244577 /* NavigationController.app */,
				A6F672C8204FA2B200244577 /* NavigationControllerTests.xctest */,
				A6F672D3204FA2B200244577 /* NavigationControllerUITests.xctest */,
			);
			name = Products;
			sourceTree = "<group>";
		};
		A6F672B6204FA2B200244577 /* NavigationController */ = {
			isa = PBXGroup;
			children = (
				A6F672B7204FA2B200244577 /* AppDelegate.swift */,
				A6F672B9204FA2B200244577 /* ViewController.swift */,
				A6F672BB204FA2B200244577 /* Main.storyboard */,
				A6F672BE204FA2B200244577 /* Assets.xcassets */,
				A6F672C0204FA2B200244577 /* LaunchScreen.storyboard */,
				A6F672C3204FA2B200244577 /* Info.plist */,
				A6F672E5204FA34600244577 /* XanhViewController.swift */,
				A6F672E7204FC46000244577 /* DoViewController.swift */,
			);
			path = NavigationController;
			sourceTree = "<group>";
		};
		A6F672CB204FA2B200244577 /* NavigationControllerTests */ = {
			isa = PBXGroup;
			children = (
				A6F672CC204FA2B200244577 /* NavigationControllerTests.swift */,
				A6F672CE204FA2B200244577 /* Info.plist */,
			);
			path = NavigationControllerTests;
			sourceTree = "<group>";
		};
		A6F672D6204FA2B200244577 /* NavigationControllerUITests */ = {
			isa = PBXGroup;
			children = (
				A6F672D7204FA2B200244577 /* NavigationControllerUITests.swift */,
				A6F672D9204FA2B200244577 /* Info.plist */,
			);
			path = NavigationControllerUITests;
			sourceTree = "<group>";
		};
/* End PBXGroup section */

/* Begin PBXNativeTarget section */
		A6F672B3204FA2B200244577 /* NavigationController */ = {
			isa = PBXNativeTarget;
			buildConfigurationList = A6F672DC204FA2B200244577 /* Build configuration list for PBXNativeTarget "NavigationController" */;
			buildPhases = (
				A6F672B0204FA2B200244577 /* Sources */,
				A6F672B1204FA2B200244577 /* Frameworks */,
				A6F672B2204FA2B200244577 /* Resources */,
			);
			buildRules = (
			);
			dependencies = (
			);
			name = NavigationController;
			productName = NavigationController;
			productReference = A6F672B4204FA2B200244577 /* NavigationController.app */;
			productType = "com.apple.product-type.application";
		};
		A6F672C7204FA2B200244577 /* NavigationControllerTests */ = {
			isa = PBXNativeTarget;
			buildConfigurationList = A6F672DF204FA2B200244577 /* Build configuration list for PBXNativeTarget "NavigationControllerTests" */;
			buildPhases = (
				A6F672C4204FA2B200244577 /* Sources */,
				A6F672C5204FA2B200244577 /* Frameworks */,
				A6F672C6204FA2B200244577 /* Resources */,
			);
			buildRules = (
			);
			dependencies = (
				A6F672CA204FA2B200244577 /* PBXTargetDependency */,
			);
			name = NavigationControllerTests;
			productName = NavigationControllerTests;
			productReference = A6F672C8204FA2B200244577 /* NavigationControllerTests.xctest */;
			productType = "com.apple.product-type.bundle.unit-test";
		};
		A6F672D2204FA2B200244577 /* NavigationControllerUITests */ = {
			isa = PBXNativeTarget;
			buildConfigurationList = A6F672E2204FA2B200244577 /* Build configuration list for PBXNativeTarget "NavigationControllerUITests" */;
			buildPhases = (
				A6F672CF204FA2B200244577 /* Sources */,
				A6F672D0204FA2B200244577 /* Frameworks */,
				A6F672D1204FA2B200244577 /* Resources */,
			);
			buildRules = (
			);
			dependencies = (
				A6F672D5204FA2B200244577 /* PBXTargetDependency */,
			);
			name = NavigationControllerUITests;
			productName = NavigationControllerUITests;
			productReference = A6F672D3204FA2B200244577 /* NavigationControllerUITests.xctest */;
			productType = "com.apple.product-type.bundle.ui-testing";
		};
/* End PBXNativeTarget section */

/* Begin PBXProject section */
		A6F672AC204FA2B200244577 /* Project object */ = {
			isa = PBXProject;
			attributes = {
				LastSwiftUpdateCheck = 0910;
				LastUpgradeCheck = 0910;
				ORGANIZATIONNAME = "Tran Tri";
				TargetAttributes = {
					A6F672B3204FA2B200244577 = {
						CreatedOnToolsVersion = 9.1;
						ProvisioningStyle = Automatic;
					};
					A6F672C7204FA2B200244577 = {
						CreatedOnToolsVersion = 9.1;
						ProvisioningStyle = Automatic;
						TestTargetID = A6F672B3204FA2B200244577;
					};
					A6F672D2204FA2B200244577 = {
						CreatedOnToolsVersion = 9.1;
						ProvisioningStyle = Automatic;
						TestTargetID = A6F672B3204FA2B200244577;
					};
				};
			};
			buildConfigurationList = A6F672AF204FA2B200244577 /* Build configuration list for PBXProject "NavigationController" */;
			compatibilityVersion = "Xcode 8.0";
			developmentRegion = en;
			hasScannedForEncodings = 0;
			knownRegions = (
				en,
				Base,
			);
			mainGroup = A6F672AB204FA2B200244577;
			productRefGroup = A6F672B5204FA2B200244577 /* Products */;
			projectDirPath = "";
			projectRoot = "";
			targets = (
				A6F672B3204FA2B200244577 /* NavigationController */,
				A6F672C7204FA2B200244577 /* NavigationControllerTests */,
				A6F672D2204FA2B200244577 /* NavigationControllerUITests */,
			);
		};
/* End PBXProject section */

/* Begin PBXResourcesBuildPhase section */
		A6F672B2204FA2B200244577 /* Resources */ = {
			isa = PBXResourcesBuildPhase;
			buildActionMask = 2147483647;
			files = (
				A6F672C2204FA2B200244577 /* LaunchScreen.storyboard in Resources */,
				A6F672BF204FA2B200244577 /* Assets.xcassets in Resources */,
				A6F672BD204FA2B200244577 /* Main.storyboard in Resources */,
			);
			runOnlyForDeploymentPostprocessing = 0;
		};
		A6F672C6204FA2B200244577 /* Resources */ = {
			isa = PBXResourcesBuildPhase;
			buildActionMask = 2147483647;
			files = (
			);
			runOnlyForDeploymentPostprocessing = 0;
		};
		A6F672D1204FA2B200244577 /* Resources */ = {
			isa = PBXResourcesBuildPhase;
			buildActionMask = 2147483647;
			files = (
			);
			runOnlyForDeploymentPostprocessing = 0;
		};
/* End PBXResourcesBuildPhase section */

/* Begin PBXSourcesBuildPhase section */
		A6F672B0204FA2B200244577 /* Sources */ = {
			isa = PBXSourcesBuildPhase;
			buildActionMask = 2147483647;
			files = (
				A6F672BA204FA2B200244577 /* ViewController.swift in Sources */,
				A6F672E6204FA34600244577 /* XanhViewController.swift in Sources */,
				A6F672B8204FA2B200244577 /* AppDelegate.swift in Sources */,
				A6F672E8204FC46000244577 /* DoViewController.swift in Sources */,
			);
			runOnlyForDeploymentPostprocessing = 0;
		};
		A6F672C4204FA2B200244577 /* Sources */ = {
			isa = PBXSourcesBuildPhase;
			buildActionMask = 2147483647;
			files = (
				A6F672CD204FA2B200244577 /* NavigationControllerTests.swift in Sources */,
			);
			runOnlyForDeploymentPostprocessing = 0;
		};
		A6F672CF204FA2B200244577 /* Sources */ = {
			isa = PBXSourcesBuildPhase;
			buildActionMask = 2147483647;
			files = (
				A6F672D8204FA2B200244577 /* NavigationControllerUITests.swift in Sources */,
			);
			runOnlyForDeploymentPostprocessing = 0;
		};
/* End PBXSourcesBuildPhase section */

/* Begin PBXTargetDependency section */
		A6F672CA204FA2B200244577 /* PBXTargetDependency */ = {
			isa = PBXTargetDependency;
			target = A6F672B3204FA2B200244577 /* NavigationController */;
			targetProxy = A6F672C9204FA2B200244577 /* PBXContainerItemProxy */;
		};
		A6F672D5204FA2B200244577 /* PBXTargetDependency */ = {
			isa = PBXTargetDependency;
			target = A6F672B3204FA2B200244577 /* NavigationController */;
			targetProxy = A6F672D4204FA2B200244577 /* PBXContainerItemProxy */;
		};
/* End PBXTargetDependency section */

/* Begin PBXVariantGroup section */
		A6F672BB204FA2B200244577 /* Main.storyboard */ = {
			isa = PBXVariantGroup;
			children = (
				A6F672BC204FA2B200244577 /* Base */,
			);
			name = Main.storyboard;
			sourceTree = "<group>";
		};
		A6F672C0204FA2B200244577 /* LaunchScreen.storyboard */ = {
			isa = PBXVariantGroup;
			children = (
				A6F672C1204FA2B200244577 /* Base */,
			);
			name = LaunchScreen.storyboard;
			sourceTree = "<group>";
		};
/* End PBXVariantGroup section */

/* Begin XCBuildConfiguration section */
		A6F672DA204FA2B200244577 /* Debug */ = {
			isa = XCBuildConfiguration;
			buildSettings = {
				ALWAYS_SEARCH_USER_PATHS = NO;
				CLANG_ANALYZER_NONNULL = YES;
				CLANG_ANALYZER_NUMBER_OBJECT_CONVERSION = YES_AGGRESSIVE;
				CLANG_CXX_LANGUAGE_STANDARD = "gnu++14";
				CLANG_CXX_LIBRARY = "libc++";
				CLANG_ENABLE_MODULES = YES;
				CLANG_ENABLE_OBJC_ARC = YES;
				CLANG_WARN_BLOCK_CAPTURE_AUTORELEASING = YES;
				CLANG_WARN_BOOL_CONVERSION = YES;
				CLANG_WARN_COMMA = YES;
				CLANG_WARN_CONSTANT_CONVERSION = YES;
				CLANG_WARN_DIRECT_OBJC_ISA_USAGE = YES_ERROR;
				CLANG_WARN_DOCUMENTATION_COMMENTS = YES;
				CLANG_WARN_EMPTY_BODY = YES;
				CLANG_WARN_ENUM_CONVERSION = YES;
				CLANG_WARN_INFINITE_RECURSION = YES;
				CLANG_WARN_INT_CONVERSION = YES;
				CLANG_WARN_NON_LITERAL_NULL_CONVERSION = YES;
				CLANG_WARN_OBJC_LITERAL_CONVERSION = YES;
				CLANG_WARN_OBJC_ROOT_CLASS = YES_ERROR;
				CLANG_WARN_RANGE_LOOP_ANALYSIS = YES;
				CLANG_WARN_STRICT_PROTOTYPES = YES;
				CLANG_WARN_SUSPICIOUS_MOVE = YES;
				CLANG_WARN_UNGUARDED_AVAILABILITY = YES_AGGRESSIVE;
				CLANG_WARN_UNREACHABLE_CODE = YES;
				CLANG_WARN__DUPLICATE_METHOD_MATCH = YES;
				CODE_SIGN_IDENTITY = "iPhone Developer";
				COPY_PHASE_STRIP = NO;
				DEBUG_INFORMATION_FORMAT = dwarf;
				ENABLE_STRICT_OBJC_MSGSEND = YES;
				ENABLE_TESTABILITY = YES;
				GCC_C_LANGUAGE_STANDARD = gnu11;
				GCC_DYNAMIC_NO_PIC = NO;
				GCC_NO_COMMON_BLOCKS = YES;
				GCC_OPTIMIZATION_LEVEL = 0;
				GCC_PREPROCESSOR_DEFINITIONS = (
					"DEBUG=1",
					"$(inherited)",
				);
				GCC_WARN_64_TO_32_BIT_CONVERSION = YES;
				GCC_WARN_ABOUT_RETURN_TYPE = YES_ERROR;
				GCC_WARN_UNDECLARED_SELECTOR = YES;
				GCC_WARN_UNINITIALIZED_AUTOS = YES_AGGRESSIVE;
				GCC_WARN_UNUSED_FUNCTION = YES;
				GCC_WARN_UNUSED_VARIABLE = YES;
				IPHONEOS_DEPLOYMENT_TARGET = 11.1;
				MTL_ENABLE_DEBUG_INFO = YES;
				ONLY_ACTIVE_ARCH = YES;
				SDKROOT = iphoneos;
				SWIFT_ACTIVE_COMPILATION_CONDITIONS = DEBUG;
				SWIFT_OPTIMIZATION_LEVEL = "-Onone";
			};
			name = Debug;
		};
		A6F672DB204FA2B200244577 /* Release */ = {
			isa = XCBuildConfiguration;
			buildSettings = {
				ALWAYS_SEARCH_USER_PATHS = NO;
				CLANG_ANALYZER_NONNULL = YES;
				CLANG_ANALYZER_NUMBER_OBJECT_CONVERSION = YES_AGGRESSIVE;
				CLANG_CXX_LANGUAGE_STANDARD = "gnu++14";
				CLANG_CXX_LIBRARY = "libc++";
				CLANG_ENABLE_MODULES = YES;
				CLANG_ENABLE_OBJC_ARC = YES;
				CLANG_WARN_BLOCK_CAPTURE_AUTORELEASING = YES;
				CLANG_WARN_BOOL_CONVERSION = YES;
				CLANG_WARN_COMMA = YES;
				CLANG_WARN_CONSTANT_CONVERSION = YES;
				CLANG_WARN_DIRECT_OBJC_ISA_USAGE = YES_ERROR;
				CLANG_WARN_DOCUMENTATION_COMMENTS = YES;
				CLANG_WARN_EMPTY_BODY = YES;
				CLANG_WARN_ENUM_CONVERSION = YES;
				CLANG_WARN_INFINITE_RECURSION = YES;
				CLANG_WARN_INT_CONVERSION = YES;
				CLANG_WARN_NON_LITERAL_NULL_CONVERSION = YES;
				CLANG_WARN_OBJC_LITERAL_CONVERSION = YES;
				CLANG_WARN_OBJC_ROOT_CLASS = YES_ERROR;
				CLANG_WARN_RANGE_LOOP_ANALYSIS = YES;
				CLANG_WARN_STRICT_PROTOTYPES = YES;
				CLANG_WARN_SUSPICIOUS_MOVE = YES;
				CLANG_WARN_UNGUARDED_AVAILABILITY = YES_AGGRESSIVE;
				CLANG_WARN_UNREACHABLE_CODE = YES;
				CLANG_WARN__DUPLICATE_METHOD_MATCH = YES;
				CODE_SIGN_IDENTITY = "iPhone Developer";
				COPY_PHASE_STRIP = NO;
				DEBUG_INFORMATION_FORMAT = "dwarf-with-dsym";
				ENABLE_NS_ASSERTIONS = NO;
				ENABLE_STRICT_OBJC_MSGSEND = YES;
				GCC_C_LANGUAGE_STANDARD = gnu11;
				GCC_NO_COMMON_BLOCKS = YES;
				GCC_WARN_64_TO_32_BIT_CONVERSION = YES;
				GCC_WARN_ABOUT_RETURN_TYPE = YES_ERROR;
				GCC_WARN_UNDECLARED_SELECTOR = YES;
				GCC_WARN_UNINITIALIZED_AUTOS = YES_AGGRESSIVE;
				GCC_WARN_UNUSED_FUNCTION = YES;
				GCC_WARN_UNUSED_VARIABLE = YES;
				IPHONEOS_DEPLOYMENT_TARGET = 11.1;
				MTL_ENABLE_DEBUG_INFO = NO;
				SDKROOT = iphoneos;
				SWIFT_OPTIMIZATION_LEVEL = "-Owholemodule";
				VALIDATE_PRODUCT = YES;
			};
			name = Release;
		};
		A6F672DD204FA2B200244577 /* Debug */ = {
			isa = XCBuildConfiguration;
			buildSettings = {
				ASSETCATALOG_COMPILER_APPICON_NAME = AppIcon;
				CODE_SIGN_STYLE = Automatic;
				DEVELOPMENT_TEAM = YD2WTYQH8S;
				INFOPLIST_FILE = NavigationController/Info.plist;
				LD_RUNPATH_SEARCH_PATHS = "$(inherited) @executable_path/Frameworks";
				PRODUCT_BUNDLE_IDENTIFIER = com.NavigationController;
				PRODUCT_NAME = "$(TARGET_NAME)";
				SWIFT_VERSION = 4.0;
				TARGETED_DEVICE_FAMILY = "1,2";
			};
			name = Debug;
		};
		A6F672DE204FA2B200244577 /* Release */ = {
			isa = XCBuildConfiguration;
			buildSettings = {
				ASSETCATALOG_COMPILER_APPICON_NAME = AppIcon;
				CODE_SIGN_STYLE = Automatic;
				DEVELOPMENT_TEAM = YD2WTYQH8S;
				INFOPLIST_FILE = NavigationController/Info.plist;
				LD_RUNPATH_SEARCH_PATHS = "$(inherited) @executable_path/Frameworks";
				PRODUCT_BUNDLE_IDENTIFIER = com.NavigationController;
				PRODUCT_NAME = "$(TARGET_NAME)";
				SWIFT_VERSION = 4.0;
				TARGETED_DEVICE_FAMILY = "1,2";
			};
			name = Release;
		};
		A6F672E0204FA2B200244577 /* Debug */ = {
			isa = XCBuildConfiguration;
			buildSettings = {
				ALWAYS_EMBED_SWIFT_STANDARD_LIBRARIES = YES;
				BUNDLE_LOADER = "$(TEST_HOST)";
				CODE_SIGN_STYLE = Automatic;
				DEVELOPMENT_TEAM = YD2WTYQH8S;
				INFOPLIST_FILE = NavigationControllerTests/Info.plist;
				LD_RUNPATH_SEARCH_PATHS = "$(inherited) @executable_path/Frameworks @loader_path/Frameworks";
				PRODUCT_BUNDLE_IDENTIFIER = com.NavigationControllerTests;
				PRODUCT_NAME = "$(TARGET_NAME)";
				SWIFT_VERSION = 4.0;
				TARGETED_DEVICE_FAMILY = "1,2";
				TEST_HOST = "$(BUILT_PRODUCTS_DIR)/NavigationController.app/NavigationController";
			};
			name = Debug;
		};
		A6F672E1204FA2B200244577 /* Release */ = {
			isa = XCBuildConfiguration;
			buildSettings = {
				ALWAYS_EMBED_SWIFT_STANDARD_LIBRARIES = YES;
				BUNDLE_LOADER = "$(TEST_HOST)";
				CODE_SIGN_STYLE = Automatic;
				DEVELOPMENT_TEAM = YD2WTYQH8S;
				INFOPLIST_FILE = NavigationControllerTests/Info.plist;
				LD_RUNPATH_SEARCH_PATHS = "$(inherited) @executable_path/Frameworks @loader_path/Frameworks";
				PRODUCT_BUNDLE_IDENTIFIER = com.NavigationControllerTests;
				PRODUCT_NAME = "$(TARGET_NAME)";
				SWIFT_VERSION = 4.0;
				TARGETED_DEVICE_FAMILY = "1,2";
				TEST_HOST = "$(BUILT_PRODUCTS_DIR)/NavigationController.app/NavigationController";
			};
			name = Release;
		};
		A6F672E3204FA2B200244577 /* Debug */ = {
			isa = XCBuildConfiguration;
			buildSettings = {
				ALWAYS_EMBED_SWIFT_STANDARD_LIBRARIES = YES;
				CODE_SIGN_STYLE = Automatic;
				DEVELOPMENT_TEAM = YD2WTYQH8S;
				INFOPLIST_FILE = NavigationControllerUITests/Info.plist;
				LD_RUNPATH_SEARCH_PATHS = "$(inherited) @executable_path/Frameworks @loader_path/Frameworks";
				PRODUCT_BUNDLE_IDENTIFIER = com.NavigationControllerUITests;
				PRODUCT_NAME = "$(TARGET_NAME)";
				SWIFT_VERSION = 4.0;
				TARGETED_DEVICE_FAMILY = "1,2";
				TEST_TARGET_NAME = NavigationController;
			};
			name = Debug;
		};
		A6F672E4204FA2B200244577 /* Release */ = {
			isa = XCBuildConfiguration;
			buildSettings = {
				ALWAYS_EMBED_SWIFT_STANDARD_LIBRARIES = YES;
				CODE_SIGN_STYLE = Automatic;
				DEVELOPMENT_TEAM = YD2WTYQH8S;
				INFOPLIST_FILE = NavigationControllerUITests/Info.plist;
				LD_RUNPATH_SEARCH_PATHS = "$(inherited) @executable_path/Frameworks @loader_path/Frameworks";
				PRODUCT_BUNDLE_IDENTIFIER = com.NavigationControllerUITests;
				PRODUCT_NAME = "$(TARGET_NAME)";
				SWIFT_VERSION = 4.0;
				TARGETED_DEVICE_FAMILY = "1,2";
				TEST_TARGET_NAME = NavigationController;
			};
			name = Release;
		};
/* End XCBuildConfiguration section */

/* Begin XCConfigurationList section */
		A6F672AF204FA2B200244577 /* Build configuration list for PBXProject "NavigationController" */ = {
			isa = XCConfigurationList;
			buildConfigurations = (
				A6F672DA204FA2B200244577 /* Debug */,
				A6F672DB204FA2B200244577 /* Release */,
			);
			defaultConfigurationIsVisible = 0;
			defaultConfigurationName = Release;
		};
		A6F672DC204FA2B200244577 /* Build configuration list for PBXNativeTarget "NavigationController" */ = {
			isa = XCConfigurationList;
			buildConfigurations = (
				A6F672DD204FA2B200244577 /* Debug */,
				A6F672DE204FA2B200244577 /* Release */,
			);
			defaultConfigurationIsVisible = 0;
			defaultConfigurationName = Release;
		};
		A6F672DF204FA2B200244577 /* Build configuration list for PBXNativeTarget "NavigationControllerTests" */ = {
			isa = XCConfigurationList;
			buildConfigurations = (
				A6F672E0204FA2B200244577 /* Debug */,
				A6F672E1204FA2B200244577 /* Release */,
			);
			defaultConfigurationIsVisible = 0;
			defaultConfigurationName = Release;
		};
		A6F672E2204FA2B200244577 /* Build configuration list for PBXNativeTarget "NavigationControllerUITests" */ = {
			isa = XCConfigurationList;
			buildConfigurations = (
				A6F672E3204FA2B200244577 /* Debug */,
				A6F672E4204FA2B200244577 /* Release */,
			);
			defaultConfigurationIsVisible = 0;
			defaultConfigurationName = Release;
		};
/* End XCConfigurationList section */
	};
	rootObject = A6F672AC204FA2B200244577 /* Project object */;
}
